{
  "name": "webrtc-native",
  "version": "2.0.0",
  "lockfileVersion": 1,
  "requires": true,
  "dependencies": {
    "@types/node": {
      "version": "8.0.25",
      "resolved": "https://registry.npmjs.org/@types/node/-/node-8.0.25.tgz",
      "integrity": "sha512-zT+t9841g1HsjLtPMCYxmb1U4pcZ2TOegAKiomlmj6bIziuaEYHUavxLE9NRwdntY0vOCrgHho6OXjDX7fm/Kw==",
      "dev": true
    },
    "binary-data": {
      "version": "0.1.0",
      "resolved": "https://registry.npmjs.org/binary-data/-/binary-data-0.1.0.tgz",
      "integrity": "sha512-zHI0RJyjYKnHVuYq4989SKDg8MKb+x/ZtzNK0dKPKJf5RScjpmywGDiDLXy3o2wkGbCtEYe6IkfVv/C86zBigg==",
      "requires": {
        "bl": "1.2.1",
        "is-plain-object": "2.0.4"
      }
    },
    "bl": {
      "version": "1.2.1",
      "resolved": "https://registry.npmjs.org/bl/-/bl-1.2.1.tgz",
      "integrity": "sha1-ysMo977kVzDUBLaSID/LWQ4XLV4=",
      "requires": {
        "readable-stream": "2.3.3"
      }
    },
    "buffer-xor": {
      "version": "2.0.2",
      "resolved": "https://registry.npmjs.org/buffer-xor/-/buffer-xor-2.0.2.tgz",
      "integrity": "sha512-eHslX0bin3GB+Lx2p7lEYRShRewuNZL3fUl4qlVJGGiwoPGftmt8JQgk2Y9Ji5/01TnVDo33E5b5O3vUB1HdqQ==",
      "requires": {
        "safe-buffer": "5.1.1"
      }
    },
    "core-util-is": {
      "version": "1.0.2",
      "resolved": "https://registry.npmjs.org/core-util-is/-/core-util-is-1.0.2.tgz",
      "integrity": "sha1-tf1UIgqivFq1eqtxQMlAdUUDwac="
    },
    "crc": {
      "version": "3.4.4",
      "resolved": "https://registry.npmjs.org/crc/-/crc-3.4.4.tgz",
      "integrity": "sha1-naHpgOO9RPxck79as9ozeNheRms="
    },
    "inherits": {
      "version": "2.0.3",
      "resolved": "https://registry.npmjs.org/inherits/-/inherits-2.0.3.tgz",
      "integrity": "sha1-Yzwsg+PaQqUC9SRmAiSA9CCCYd4="
    },
    "ipaddr.js": {
      "version": "1.5.2",
      "resolved": "https://registry.npmjs.org/ipaddr.js/-/ipaddr.js-1.5.2.tgz",
      "integrity": "sha1-1LUFvemUaYfM8PxY2QEP+WB+P6A="
    },
    "is-plain-object": {
      "version": "2.0.4",
      "resolved": "https://registry.npmjs.org/is-plain-object/-/is-plain-object-2.0.4.tgz",
      "integrity": "sha512-h5PpgXkWitc38BBMYawTYMWJHFZJVnBquFE57xFpjB8pJFiF6gZ+bU+WyI/yqXiFR5mdLsgYNaPe8uao6Uv9Og==",
      "requires": {
        "isobject": "3.0.1"
      }
    },
    "is-stun": {
      "version": "1.0.0",
      "resolved": "https://registry.npmjs.org/is-stun/-/is-stun-1.0.0.tgz",
      "integrity": "sha512-o2rf9pBELbH129RzmcOnpVqpkvOY+D+jiJsLXMD+vWu3vK9SEvNjnPnsIvB8K0Sv24FX2+v8pPPdCI0NVUH4aA=="
    },
    "isarray": {
      "version": "1.0.0",
      "resolved": "https://registry.npmjs.org/isarray/-/isarray-1.0.0.tgz",
      "integrity": "sha1-u5NdSFgsuhaMBoNJV6VKPgcSTxE="
    },
    "isobject": {
      "version": "3.0.1",
      "resolved": "https://registry.npmjs.org/isobject/-/isobject-3.0.1.tgz",
      "integrity": "sha1-TkMekrEalzFjaqH5yNHMvP2reN8="
    },
    "nan": {
      "version": "2.6.2",
      "resolved": "https://registry.npmjs.org/nan/-/nan-2.6.2.tgz",
      "integrity": "sha1-5P805slf37WuzAjeZZb0NgWn20U=",
      "dev": true
    },
    "process-nextick-args": {
      "version": "1.0.7",
      "resolved": "https://registry.npmjs.org/process-nextick-args/-/process-nextick-args-1.0.7.tgz",
      "integrity": "sha1-FQ4gt1ZZCtP5EJPyWk8q2L/zC6M="
    },
    "readable-stream": {
      "version": "2.3.3",
      "resolved": "https://registry.npmjs.org/readable-stream/-/readable-stream-2.3.3.tgz",
      "integrity": "sha512-m+qzzcn7KUxEmd1gMbchF+Y2eIUbieUaxkWtptyHywrX0rE8QEYqPC07Vuy4Wm32/xE16NcdBctb8S0Xe/5IeQ==",
      "requires": {
        "core-util-is": "1.0.2",
        "inherits": "2.0.3",
        "isarray": "1.0.0",
        "process-nextick-args": "1.0.7",
        "safe-buffer": "5.1.1",
        "string_decoder": "1.0.3",
        "util-deprecate": "1.0.2"
      }
    },
    "safe-buffer": {
      "version": "5.1.1",
      "resolved": "https://registry.npmjs.org/safe-buffer/-/safe-buffer-5.1.1.tgz",
      "integrity": "sha512-kKvNJn6Mm93gAczWVJg7wH+wGYWNrDHdWvpUmHyEsgCtIwwo3bqPtV4tR5tuPaUhTOo/kvhVwd8XwwOllGYkbg=="
    },
    "string_decoder": {
      "version": "1.0.3",
      "resolved": "https://registry.npmjs.org/string_decoder/-/string_decoder-1.0.3.tgz",
      "integrity": "sha512-4AH6Z5fzNNBcH+6XDMfA/BTt87skxqJlO0lAh3Dker5zThcAxG6mKz+iGu308UKoPPQ8Dcqx/4JhujzltRa+hQ==",
      "requires": {
        "safe-buffer": "5.1.1"
      }
    },
    "stun": {
      "version": "1.0.1",
      "resolved": "https://registry.npmjs.org/stun/-/stun-1.0.1.tgz",
      "integrity": "sha512-4fCAcae3O/siUm3iu44DwlzscrXmfZ/uZw5LyWf3jXvSbSMAuKhJx5pI7fE7mfqBSwGp+OVL3wGLVRA40WAvhA==",
      "requires": {
        "binary-data": "0.1.0",
        "buffer-xor": "2.0.2",
        "crc": "3.4.4",
        "ipaddr.js": "1.5.2",
        "is-stun": "1.0.0"
      }
    },
    "typescript": {
      "version": "2.4.2",
      "resolved": "https://registry.npmjs.org/typescript/-/typescript-2.4.2.tgz",
      "integrity": "sha1-+DlfhdRZJ2BnyYiqQYN6j4KHCEQ=",
      "dev": true
    },
    "util-deprecate": {
      "version": "1.0.2",
      "resolved": "https://registry.npmjs.org/util-deprecate/-/util-deprecate-1.0.2.tgz",
      "integrity": "sha1-RQ1Nyfpw3nMnYvvS1KKJgUGaDM8="
    }
  }
}
