Microsoft Visual Studio Solution File, Format Version 13.00
# Visual Studio 2013
Project("{2150E333-8FDC-42A3-9474-1A3956D46DE8}") = "(base)", "third_party\webrtc\src\webrtc\base", "{38C082F6-401D-7755-BA82-67402353377E}"
EndProject
Project("{2150E333-8FDC-42A3-9474-1A3956D46DE8}") = "(codecs)", "third_party\webrtc\src\webrtc\modules\video_coding\codecs", "{D915D055-A6DE-2CD8-D553-5C774B77D847}"
EndProject
Project("{2150E333-8FDC-42A3-9474-1A3956D46DE8}") = "(common_audio)", "third_party\webrtc\src\webrtc\common_audio", "{065F26B1-7788-B2F1-BDB7-1F76A5ADF1EB}"
EndProject
Project("{2150E333-8FDC-42A3-9474-1A3956D46DE8}") = "(dl)", "third_party\webrtc\src\third_party\openmax_dl\dl", "{D1864A6B-A73C-BBD5-52D6-C053426F39E3}"
EndProject
Project("{2150E333-8FDC-42A3-9474-1A3956D46DE8}") = "(libjingle)", "third_party\webrtc\src\webrtc\libjingle", "{9C1BB555-4960-D7EE-09C5-D3FF76049A06}"
EndProject
Project("{2150E333-8FDC-42A3-9474-1A3956D46DE8}") = "(libjpeg_turbo)", "third_party\webrtc\src\third_party\libjpeg_turbo", "{FE2AC63F-1D0D-1039-F7FC-6E297F8F3976}"
EndProject
Project("{2150E333-8FDC-42A3-9474-1A3956D46DE8}") = "(libvpx)", "third_party\webrtc\src\third_party\libvpx", "{F4A2FF27-9170-80E3-648B-2D9453739741}"
EndProject
Project("{2150E333-8FDC-42A3-9474-1A3956D46DE8}") = "(modules)", "third_party\webrtc\src\webrtc\modules", "{14EDF597-6ED8-B0B1-B53B-0BE2E44B91C1}"
EndProject
Project("{2150E333-8FDC-42A3-9474-1A3956D46DE8}") = "(openmax_dl)", "third_party\webrtc\src\third_party\openmax_dl", "{C76961A6-81D8-1E5A-4387-B90660FAA0E6}"
EndProject
Project("{2150E333-8FDC-42A3-9474-1A3956D46DE8}") = "(p2p)", "third_party\webrtc\src\webrtc\p2p", "{E702FC59-4D32-DF2F-8880-7A4633660D28}"
EndProject
Project("{2150E333-8FDC-42A3-9474-1A3956D46DE8}") = "(protobuf)", "third_party\webrtc\src\third_party\protobuf", "{C7400514-31D7-6555-F198-7E123F43DFE6}"
EndProject
Project("{2150E333-8FDC-42A3-9474-1A3956D46DE8}") = "(sound)", "third_party\webrtc\src\webrtc\sound", "{1453D74C-41D7-80E1-FB54-ADB4F336D1DB}"
EndProject
Project("{2150E333-8FDC-42A3-9474-1A3956D46DE8}") = "(src)", "third_party\webrtc\src", "{6F9182B5-0262-1483-B415-376E66D1A4EC}"
EndProject
Project("{2150E333-8FDC-42A3-9474-1A3956D46DE8}") = "(system_wrappers)", "third_party\webrtc\src\webrtc\system_wrappers", "{D8A57495-5B25-EB0C-20A2-6ADB29AAF8B1}"
EndProject
Project("{2150E333-8FDC-42A3-9474-1A3956D46DE8}") = "(talk)", "third_party\webrtc\src\talk", "{582DD1F6-343C-51C2-24E9-661E71FDFD6D}"
EndProject
Project("{2150E333-8FDC-42A3-9474-1A3956D46DE8}") = "(third_party)", "third_party", "{89C816A7-DD31-D54C-C69C-5A80E0C49B77}"
EndProject
Project("{2150E333-8FDC-42A3-9474-1A3956D46DE8}") = "(third_party)", "third_party\webrtc\src\third_party", "{ACC0585E-97B8-85CD-512A-6A043DCC221D}"
EndProject
Project("{2150E333-8FDC-42A3-9474-1A3956D46DE8}") = "(usrsctp)", "third_party\webrtc\src\third_party\usrsctp", "{77937A21-EB46-2BFE-9FC6-03EE2AAD757A}"
EndProject
Project("{2150E333-8FDC-42A3-9474-1A3956D46DE8}") = "(utility)", "third_party\webrtc\src\webrtc\modules\video_coding\utility", "{A09D749F-E571-D776-11B4-043F57B3DD73}"
EndProject
Project("{2150E333-8FDC-42A3-9474-1A3956D46DE8}") = "(video_coding)", "third_party\webrtc\src\webrtc\modules\video_coding", "{F2436898-B7BB-9717-6783-FFC92B4E3BAD}"
EndProject
Project("{2150E333-8FDC-42A3-9474-1A3956D46DE8}") = "(video_engine)", "third_party\webrtc\src\webrtc\video_engine", "{253BDA1D-AF3B-0802-021E-66CD9E8C8F66}"
EndProject
Project("{2150E333-8FDC-42A3-9474-1A3956D46DE8}") = "(vp8)", "third_party\webrtc\src\webrtc\modules\video_coding\codecs\vp8", "{88D2425F-C58C-81A5-F38A-1AF2E191313A}"
EndProject
Project("{2150E333-8FDC-42A3-9474-1A3956D46DE8}") = "(vp9)", "third_party\webrtc\src\webrtc\modules\video_coding\codecs\vp9", "{78ABA4AC-B4C8-DD5E-4379-6CBC46ECA48A}"
EndProject
Project("{2150E333-8FDC-42A3-9474-1A3956D46DE8}") = "(webrtc)", "third_party\webrtc\src\webrtc", "{2BC44F53-82D9-E490-3764-7B4AB4629C71}"
EndProject
Project("{2150E333-8FDC-42A3-9474-1A3956D46DE8}") = "(webrtc)", "third_party\webrtc", "{B74D4CB2-7FDF-D7DB-8FB5-ABE0D002155F}"
EndProject
Project("{2150E333-8FDC-42A3-9474-1A3956D46DE8}") = "(winsdk_samples)", "third_party\webrtc\src\third_party\winsdk_samples", "{53560B7B-C329-3B14-84D4-06D77E79CBE0}"
EndProject
Project("{2150E333-8FDC-42A3-9474-1A3956D46DE8}") = "(xmllite)", "third_party\webrtc\src\webrtc\libjingle\xmllite", "{09516CA0-445F-49A7-CDAE-A207BC2A5A12}"
EndProject
Project("{2150E333-8FDC-42A3-9474-1A3956D46DE8}") = "(xmpp)", "third_party\webrtc\src\webrtc\libjingle\xmpp", "{D80DC93F-5816-0ABE-C571-8B9D47575D06}"
EndProject
Project("{2150E333-8FDC-42A3-9474-1A3956D46DE8}") = "(yasm)", "third_party\webrtc\src\third_party\yasm", "{5A732A50-38F7-4679-9F08-F58DC8CD54FA}"
EndProject
Project("{8BC9CEB8-8B4A-11D0-8D11-00A0C91BC942}") = "All", "All.vcxproj", "{8C9B9C0F-E350-85C9-EFEA-1EA728699AEA}"
EndProject
Project("{8BC9CEB8-8B4A-11D0-8D11-00A0C91BC942}") = "CNG", "third_party\webrtc\src\webrtc\modules\CNG.vcxproj", "{26DDFF1A-15B0-D9DE-8212-528BF93B3261}"
EndProject
Project("{8BC9CEB8-8B4A-11D0-8D11-00A0C91BC942}") = "G711", "third_party\webrtc\src\webrtc\modules\G711.vcxproj", "{CCCF83FF-A7A1-1E95-1A34-BC87CD057679}"
EndProject
Project("{8BC9CEB8-8B4A-11D0-8D11-00A0C91BC942}") = "G722", "third_party\webrtc\src\webrtc\modules\G722.vcxproj", "{777735DA-DC4F-2EA7-98DE-701D0246EA6C}"
EndProject
Project("{8BC9CEB8-8B4A-11D0-8D11-00A0C91BC942}") = "PCM16B", "third_party\webrtc\src\webrtc\modules\PCM16B.vcxproj", "{765C5D67-8E70-F387-FEC3-9A35DFC6FF17}"
EndProject
Project("{8BC9CEB8-8B4A-11D0-8D11-00A0C91BC942}") = "audio_coding_module", "third_party\webrtc\src\webrtc\modules\audio_coding_module.vcxproj", "{0A39BDB7-545E-5209-DF8C-46E5995F9092}"
EndProject
Project("{8BC9CEB8-8B4A-11D0-8D11-00A0C91BC942}") = "audio_conference_mixer", "third_party\webrtc\src\webrtc\modules\audio_conference_mixer.vcxproj", "{02D23283-ECB6-D49B-70DB-AD6FCBC32454}"
EndProject
Project("{8BC9CEB8-8B4A-11D0-8D11-00A0C91BC942}") = "audio_decoder_interface", "third_party\webrtc\src\webrtc\modules\audio_decoder_interface.vcxproj", "{D699F9FF-BE3E-73DB-133E-B0B52C802C20}"
EndProject
Project("{8BC9CEB8-8B4A-11D0-8D11-00A0C91BC942}") = "audio_device", "third_party\webrtc\src\webrtc\modules\audio_device.vcxproj", "{59A18874-6258-FD91-09E1-3EEF30759559}"
EndProject
Project("{8BC9CEB8-8B4A-11D0-8D11-00A0C91BC942}") = "audio_encoder_interface", "third_party\webrtc\src\webrtc\modules\audio_encoder_interface.vcxproj", "{6C9A34EF-54B5-4EEA-9FB6-B9D0FEDE3829}"
EndProject
Project("{8BC9CEB8-8B4A-11D0-8D11-00A0C91BC942}") = "audio_processing", "third_party\webrtc\src\webrtc\modules\audio_processing.vcxproj", "{43CF7F6D-B3D3-E996-8065-F4117DB09574}"
EndProject
Project("{8BC9CEB8-8B4A-11D0-8D11-00A0C91BC942}") = "audio_processing_sse2", "third_party\webrtc\src\webrtc\modules\audio_processing_sse2.vcxproj", "{79EC4CE2-2B5C-3F97-39A3-2450722A281F}"
EndProject
Project("{8BC9CEB8-8B4A-11D0-8D11-00A0C91BC942}") = "audioproc_debug_proto", "third_party\webrtc\src\webrtc\modules\audioproc_debug_proto.vcxproj", "{922F2D8C-01E1-4ABA-E783-EEFED6171576}"
EndProject
Project("{8BC9CEB8-8B4A-11D0-8D11-00A0C91BC942}") = "bitrate_controller", "third_party\webrtc\src\webrtc\modules\bitrate_controller.vcxproj", "{D38C3587-80B9-9568-2A87-A3488D50CDD4}"
EndProject
Project("{8BC9CEB8-8B4A-11D0-8D11-00A0C91BC942}") = "boringssl", "third_party\webrtc\src\third_party\boringssl\boringssl.vcxproj", "{3DAE9C21-2CD8-3E77-0C64-FA57E4598779}"
EndProject
Project("{8BC9CEB8-8B4A-11D0-8D11-00A0C91BC942}") = "common_audio", "third_party\webrtc\src\webrtc\common_audio\common_audio.vcxproj", "{6165423C-9DDF-FAA1-296C-DC50185DECAD}"
EndProject
Project("{8BC9CEB8-8B4A-11D0-8D11-00A0C91BC942}") = "common_audio_sse2", "third_party\webrtc\src\webrtc\common_audio\common_audio_sse2.vcxproj", "{7C6E4454-1D39-9A54-62A4-D1E9376D1C70}"
EndProject
Project("{8BC9CEB8-8B4A-11D0-8D11-00A0C91BC942}") = "common_video", "third_party\webrtc\src\webrtc\common_video\common_video.vcxproj", "{D597C795-8992-D6AB-E48E-C1C35542DF19}"
EndProject
Project("{8BC9CEB8-8B4A-11D0-8D11-00A0C91BC942}") = "config_sources", "third_party\webrtc\src\third_party\yasm\config_sources.vcxproj", "{08D3AADE-F8CF-1940-0737-F60084220BE6}"
EndProject
Project("{8BC9CEB8-8B4A-11D0-8D11-00A0C91BC942}") = "directshow_baseclasses", "third_party\webrtc\src\third_party\winsdk_samples\directshow_baseclasses.vcxproj", "{C28F1C33-52DA-4771-B3A9-0C73DE4DA583}"
EndProject
Project("{8BC9CEB8-8B4A-11D0-8D11-00A0C91BC942}") = "expat", "third_party\webrtc\src\third_party\expat\expat.vcxproj", "{1A165588-26D8-D77B-90A4-54263C5DB8E4}"
EndProject
Project("{8BC9CEB8-8B4A-11D0-8D11-00A0C91BC942}") = "field_trial_default", "third_party\webrtc\src\webrtc\system_wrappers\field_trial_default.vcxproj", "{83EFD46A-F356-6194-02C9-974819830FC1}"
EndProject
Project("{8BC9CEB8-8B4A-11D0-8D11-00A0C91BC942}") = "generate_files", "third_party\webrtc\src\third_party\yasm\generate_files.vcxproj", "{9AD728F5-9551-4891-535F-9B1B990B629F}"
EndProject
Project("{8BC9CEB8-8B4A-11D0-8D11-00A0C91BC942}") = "genmacro", "third_party\webrtc\src\third_party\yasm\genmacro.vcxproj", "{8D566347-E38A-B90F-D50D-49A779775CC0}"
EndProject
Project("{8BC9CEB8-8B4A-11D0-8D11-00A0C91BC942}") = "genmodule", "third_party\webrtc\src\third_party\yasm\genmodule.vcxproj", "{6BACBE45-4C1A-6C1D-FC7D-40C73412ED00}"
EndProject
Project("{8BC9CEB8-8B4A-11D0-8D11-00A0C91BC942}") = "genperf", "third_party\webrtc\src\third_party\yasm\genperf.vcxproj", "{4ACE7211-5ABD-D38A-0DFA-DAF87152A892}"
EndProject
Project("{8BC9CEB8-8B4A-11D0-8D11-00A0C91BC942}") = "genperf_libs", "third_party\webrtc\src\third_party\yasm\genperf_libs.vcxproj", "{7684AB72-6ABA-7F19-76E4-47FCF495AC86}"
EndProject
Project("{8BC9CEB8-8B4A-11D0-8D11-00A0C91BC942}") = "genstring", "third_party\webrtc\src\third_party\yasm\genstring.vcxproj", "{CF2A6969-35DD-598C-D7A8-3CDD278E16D2}"
EndProject
Project("{8BC9CEB8-8B4A-11D0-8D11-00A0C91BC942}") = "genversion", "third_party\webrtc\src\third_party\yasm\genversion.vcxproj", "{49A5B1D3-C958-DDA9-D728-481769EBFF08}"
EndProject
Project("{8BC9CEB8-8B4A-11D0-8D11-00A0C91BC942}") = "gtest_prod", "third_party\webrtc\src\webrtc\gtest_prod.vcxproj", "{D628DD7F-8C37-D98D-1430-850554ED127D}"
EndProject
Project("{8BC9CEB8-8B4A-11D0-8D11-00A0C91BC942}") = "iLBC", "third_party\webrtc\src\webrtc\modules\iLBC.vcxproj", "{1D46B6A8-FFB9-7F1B-C57C-6BE37528C8E8}"
EndProject
Project("{8BC9CEB8-8B4A-11D0-8D11-00A0C91BC942}") = "iSAC", "third_party\webrtc\src\webrtc\modules\iSAC.vcxproj", "{78115010-3728-93E9-1491-28864AA79518}"
EndProject
Project("{8BC9CEB8-8B4A-11D0-8D11-00A0C91BC942}") = "iSACFix", "third_party\webrtc\src\webrtc\modules\iSACFix.vcxproj", "{CD5C51AE-CE63-7E62-0B26-32E6437A09CA}"
EndProject
Project("{8BC9CEB8-8B4A-11D0-8D11-00A0C91BC942}") = "jsoncpp", "third_party\webrtc\src\third_party\jsoncpp\jsoncpp.vcxproj", "{F5B361F4-8D28-C154-1C64-E81CE8AFED40}"
EndProject
Project("{8BC9CEB8-8B4A-11D0-8D11-00A0C91BC942}") = "libjingle", "third_party\webrtc\src\talk\libjingle.vcxproj", "{4C7C3055-2A8B-FB5F-E6AD-5A853EC3863C}"
EndProject
Project("{8BC9CEB8-8B4A-11D0-8D11-00A0C91BC942}") = "libjingle_media", "third_party\webrtc\src\talk\libjingle_media.vcxproj", "{D0ACA180-2715-CB58-A142-AAE04DC045B2}"
EndProject
Project("{8BC9CEB8-8B4A-11D0-8D11-00A0C91BC942}") = "libjingle_p2p", "third_party\webrtc\src\talk\libjingle_p2p.vcxproj", "{D2D2994C-A0AB-7D5B-72AC-54B790157563}"
EndProject
Project("{8BC9CEB8-8B4A-11D0-8D11-00A0C91BC942}") = "libjingle_peerconnection", "third_party\webrtc\src\talk\libjingle_peerconnection.vcxproj", "{F87787F9-67A6-F9FE-9F69-2E14F5C2D6DF}"
EndProject
Project("{8BC9CEB8-8B4A-11D0-8D11-00A0C91BC942}") = "libjpeg", "third_party\webrtc\src\third_party\libjpeg_turbo\libjpeg.vcxproj", "{E4BEB479-84F4-7BC4-19FD-7EEC72F6FDB4}"
EndProject
Project("{8BC9CEB8-8B4A-11D0-8D11-00A0C91BC942}") = "libsrtp", "third_party\webrtc\src\third_party\libsrtp\libsrtp.vcxproj", "{714EC38B-FD84-94D4-773E-82E9B489B22C}"
EndProject
Project("{8BC9CEB8-8B4A-11D0-8D11-00A0C91BC942}") = "libvpx", "third_party\webrtc\src\third_party\libvpx\libvpx.vcxproj", "{46C7CED4-8781-DB20-D39F-98931475661A}"
EndProject
Project("{8BC9CEB8-8B4A-11D0-8D11-00A0C91BC942}") = "libvpx_intrinsics_avx2", "third_party\webrtc\src\third_party\libvpx\libvpx_intrinsics_avx2.vcxproj", "{020F7230-E410-0B14-B7D7-115F44B5C3DC}"
EndProject
Project("{8BC9CEB8-8B4A-11D0-8D11-00A0C91BC942}") = "libvpx_intrinsics_mmx", "third_party\webrtc\src\third_party\libvpx\libvpx_intrinsics_mmx.vcxproj", "{841BB6C4-EB81-A766-962B-95690E00DB2C}"
EndProject
Project("{8BC9CEB8-8B4A-11D0-8D11-00A0C91BC942}") = "libvpx_intrinsics_sse2", "third_party\webrtc\src\third_party\libvpx\libvpx_intrinsics_sse2.vcxproj", "{386063D3-B15D-BF5C-5B40-D18F76C2F0C2}"
EndProject
Project("{8BC9CEB8-8B4A-11D0-8D11-00A0C91BC942}") = "libvpx_intrinsics_sse4_1", "third_party\webrtc\src\third_party\libvpx\libvpx_intrinsics_sse4_1.vcxproj", "{A74BA89B-CCC7-1AA4-8176-E8108AB9DC22}"
EndProject
Project("{8BC9CEB8-8B4A-11D0-8D11-00A0C91BC942}") = "libvpx_intrinsics_ssse3", "third_party\webrtc\src\third_party\libvpx\libvpx_intrinsics_ssse3.vcxproj", "{484504A6-F380-863A-7F1D-C3C7D492F447}"
EndProject
Project("{8BC9CEB8-8B4A-11D0-8D11-00A0C91BC942}") = "libyuv", "third_party\webrtc\src\third_party\libyuv\libyuv.vcxproj", "{74D78776-4BAE-3973-29D1-CBC5FD3C62AC}"
EndProject
Project("{8BC9CEB8-8B4A-11D0-8D11-00A0C91BC942}") = "media_file", "third_party\webrtc\src\webrtc\modules\media_file.vcxproj", "{FB02B055-A9B7-BCAC-EF32-53D6DA0A3080}"
EndProject
Project("{8BC9CEB8-8B4A-11D0-8D11-00A0C91BC942}") = "metrics_default", "third_party\webrtc\src\webrtc\system_wrappers\metrics_default.vcxproj", "{FF854BD0-C7C0-D997-83C0-A5A1BEFCB6A4}"
EndProject
Project("{8BC9CEB8-8B4A-11D0-8D11-00A0C91BC942}") = "neteq", "third_party\webrtc\src\webrtc\modules\neteq.vcxproj", "{2A203A43-4A32-7E58-17F2-6B87629CC185}"
EndProject
Project("{8BC9CEB8-8B4A-11D0-8D11-00A0C91BC942}") = "openmax_dl", "third_party\webrtc\src\third_party\openmax_dl\dl\openmax_dl.vcxproj", "{86B657E8-B090-2517-FA5C-78F8E4992C1D}"
EndProject
Project("{8BC9CEB8-8B4A-11D0-8D11-00A0C91BC942}") = "opus", "third_party\webrtc\src\third_party\opus\opus.vcxproj", "{3F6070C4-94B3-340F-3CAA-7D6456EFEB30}"
EndProject
Project("{8BC9CEB8-8B4A-11D0-8D11-00A0C91BC942}") = "paced_sender", "third_party\webrtc\src\webrtc\modules\paced_sender.vcxproj", "{2D964A1E-A639-9AA9-4AE3-1F78C6682E6F}"
EndProject
Project("{8BC9CEB8-8B4A-11D0-8D11-00A0C91BC942}") = "protobuf_full_do_not_use", "third_party\webrtc\src\third_party\protobuf\protobuf_full_do_not_use.vcxproj", "{0EA44051-22B6-0410-E9C9-A0F58FC10475}"
EndProject
Project("{8BC9CEB8-8B4A-11D0-8D11-00A0C91BC942}") = "protobuf_lite", "third_party\webrtc\src\third_party\protobuf\protobuf_lite.vcxproj", "{35213468-3A75-CC70-6074-92B0C3E0C574}"
EndProject
Project("{8BC9CEB8-8B4A-11D0-8D11-00A0C91BC942}") = "protoc", "third_party\webrtc\src\third_party\protobuf\protoc.vcxproj", "{8D52DFFA-93A9-E356-6FA7-51F346831ABD}"
EndProject
Project("{8BC9CEB8-8B4A-11D0-8D11-00A0C91BC942}") = "re2c", "third_party\webrtc\src\third_party\yasm\re2c.vcxproj", "{97492EDC-FD2D-A9C1-2198-416F3D45D5B0}"
EndProject
Project("{8BC9CEB8-8B4A-11D0-8D11-00A0C91BC942}") = "red", "third_party\webrtc\src\webrtc\modules\red.vcxproj", "{25EF9FF6-9FB4-A1C3-F735-288E05C5C722}"
EndProject
Project("{8BC9CEB8-8B4A-11D0-8D11-00A0C91BC942}") = "remote_bitrate_estimator", "third_party\webrtc\src\webrtc\modules\remote_bitrate_estimator.vcxproj", "{F131A672-597F-F0FB-456C-71CE42F50E53}"
EndProject
Project("{8BC9CEB8-8B4A-11D0-8D11-00A0C91BC942}") = "rtc_base", "third_party\webrtc\src\webrtc\base\rtc_base.vcxproj", "{EA9CD4CB-CB06-6E9B-EAF0-F21E18F21FBE}"
EndProject
Project("{8BC9CEB8-8B4A-11D0-8D11-00A0C91BC942}") = "rtc_base_approved", "third_party\webrtc\src\webrtc\base\rtc_base_approved.vcxproj", "{67040587-E204-D369-BFCC-32A899264541}"
EndProject
Project("{8BC9CEB8-8B4A-11D0-8D11-00A0C91BC942}") = "rtc_p2p", "third_party\webrtc\src\webrtc\p2p\rtc_p2p.vcxproj", "{731C67AE-395F-3F1A-5035-D2DC0A229057}"
EndProject
Project("{8BC9CEB8-8B4A-11D0-8D11-00A0C91BC942}") = "rtc_sound", "third_party\webrtc\src\webrtc\sound\rtc_sound.vcxproj", "{541DB9F4-49F2-CE8A-42D1-CCC0ACBCAB04}"
EndProject
Project("{8BC9CEB8-8B4A-11D0-8D11-00A0C91BC942}") = "rtc_xmllite", "third_party\webrtc\src\webrtc\libjingle\xmllite\rtc_xmllite.vcxproj", "{C33DDA9A-67D8-CBD4-8D28-497386B9365B}"
EndProject
Project("{8BC9CEB8-8B4A-11D0-8D11-00A0C91BC942}") = "rtc_xmpp", "third_party\webrtc\src\webrtc\libjingle\xmpp\rtc_xmpp.vcxproj", "{4426C477-0D90-B572-97C3-18412F18915F}"
EndProject
Project("{8BC9CEB8-8B4A-11D0-8D11-00A0C91BC942}") = "rtp_rtcp", "third_party\webrtc\src\webrtc\modules\rtp_rtcp.vcxproj", "{AE1F588E-DA6C-89B2-E006-F35F4A64C000}"
EndProject
Project("{8BC9CEB8-8B4A-11D0-8D11-00A0C91BC942}") = "system_wrappers", "third_party\webrtc\src\webrtc\system_wrappers\system_wrappers.vcxproj", "{88BCCBF6-EAF6-B27B-534F-480175A9328D}"
EndProject
Project("{8BC9CEB8-8B4A-11D0-8D11-00A0C91BC942}") = "system_wrappers_default", "third_party\webrtc\src\webrtc\system_wrappers\system_wrappers_default.vcxproj", "{F43D58C4-1651-ECE7-D12F-AE03282E8B4A}"
EndProject
Project("{8BC9CEB8-8B4A-11D0-8D11-00A0C91BC942}") = "usrsctplib", "third_party\webrtc\src\third_party\usrsctp\usrsctplib.vcxproj", "{F0594739-0C9E-28B6-FC5F-F5984F31BED4}"
EndProject
Project("{8BC9CEB8-8B4A-11D0-8D11-00A0C91BC942}") = "video_capture_module", "third_party\webrtc\src\webrtc\modules\video_capture_module.vcxproj", "{10D342CF-2223-872B-5692-FE19662BC7EB}"
EndProject
Project("{8BC9CEB8-8B4A-11D0-8D11-00A0C91BC942}") = "video_capture_module_internal_impl", "third_party\webrtc\src\webrtc\modules\video_capture_module_internal_impl.vcxproj", "{2EB7B6CC-7DBB-7C55-8F9C-B733CA074E3E}"
EndProject
Project("{8BC9CEB8-8B4A-11D0-8D11-00A0C91BC942}") = "video_coding_utility", "third_party\webrtc\src\webrtc\modules\video_coding\utility\video_coding_utility.vcxproj", "{EC1019CC-F666-2D3D-8DF7-F775CD404BB4}"
EndProject
Project("{8BC9CEB8-8B4A-11D0-8D11-00A0C91BC942}") = "video_engine_core", "third_party\webrtc\src\webrtc\video_engine\video_engine_core.vcxproj", "{BB9E49C1-5B86-F360-3E84-F94327757022}"
EndProject
Project("{8BC9CEB8-8B4A-11D0-8D11-00A0C91BC942}") = "video_processing", "third_party\webrtc\src\webrtc\modules\video_processing.vcxproj", "{3BF98547-8BEE-FABD-30E0-ABCDC6B6DAD0}"
EndProject
Project("{8BC9CEB8-8B4A-11D0-8D11-00A0C91BC942}") = "video_processing_sse2", "third_party\webrtc\src\webrtc\modules\video_processing_sse2.vcxproj", "{26FFA054-A869-AF60-AB21-349229321EBA}"
EndProject
Project("{8BC9CEB8-8B4A-11D0-8D11-00A0C91BC942}") = "video_render_module", "third_party\webrtc\src\webrtc\modules\video_render_module.vcxproj", "{0E551E6F-C2ED-411F-7DB0-E56BF03AF232}"
EndProject
Project("{8BC9CEB8-8B4A-11D0-8D11-00A0C91BC942}") = "video_render_module_internal_impl", "third_party\webrtc\src\webrtc\modules\video_render_module_internal_impl.vcxproj", "{7761613A-FB1D-6733-49E1-B5F11919EF6D}"
EndProject
Project("{8BC9CEB8-8B4A-11D0-8D11-00A0C91BC942}") = "voice_engine", "third_party\webrtc\src\webrtc\voice_engine\voice_engine.vcxproj", "{A7585088-BC76-955E-0011-E05324C2E975}"
EndProject
Project("{8BC9CEB8-8B4A-11D0-8D11-00A0C91BC942}") = "webrtc", "third_party\webrtc\src\webrtc\webrtc.vcxproj", "{976B981F-AE44-B29E-9746-F5E36C9E7949}"
EndProject
Project("{8BC9CEB8-8B4A-11D0-8D11-00A0C91BC942}") = "webrtc-native", "webrtc-native.vcxproj", "{6639F408-1622-54F6-8B2C-D2DA1B2918BA}"
EndProject
Project("{8BC9CEB8-8B4A-11D0-8D11-00A0C91BC942}") = "webrtc_common", "third_party\webrtc\src\webrtc\webrtc_common.vcxproj", "{D0EB2C27-9973-AF7A-7623-294024A14555}"
EndProject
Project("{8BC9CEB8-8B4A-11D0-8D11-00A0C91BC942}") = "webrtc_i420", "third_party\webrtc\src\webrtc\modules\webrtc_i420.vcxproj", "{5F0A554C-4813-3B22-1A8B-929323E27749}"
EndProject
Project("{8BC9CEB8-8B4A-11D0-8D11-00A0C91BC942}") = "webrtc_opus", "third_party\webrtc\src\webrtc\modules\webrtc_opus.vcxproj", "{8BD620DC-C759-323D-1896-0E37A9B35E3E}"
EndProject
Project("{8BC9CEB8-8B4A-11D0-8D11-00A0C91BC942}") = "webrtc_utility", "third_party\webrtc\src\webrtc\modules\webrtc_utility.vcxproj", "{427D9B6B-0FAA-9370-D688-E5745E782CC7}"
EndProject
Project("{8BC9CEB8-8B4A-11D0-8D11-00A0C91BC942}") = "webrtc_video_coding", "third_party\webrtc\src\webrtc\modules\webrtc_video_coding.vcxproj", "{EE818E4A-B885-4FAE-F7AF-752171574A54}"
EndProject
Project("{8BC9CEB8-8B4A-11D0-8D11-00A0C91BC942}") = "webrtc_vp8", "third_party\webrtc\src\webrtc\modules\video_coding\codecs\vp8\webrtc_vp8.vcxproj", "{46DF8850-2AF8-748E-2B09-55F84589CD86}"
EndProject
Project("{8BC9CEB8-8B4A-11D0-8D11-00A0C91BC942}") = "webrtc_vp9", "third_party\webrtc\src\webrtc\modules\video_coding\codecs\vp9\webrtc_vp9.vcxproj", "{6A79D6C8-BB84-E5BE-D18E-7C77B5EFF7BD}"
EndProject
Project("{8BC9CEB8-8B4A-11D0-8D11-00A0C91BC942}") = "yasm", "third_party\webrtc\src\third_party\yasm\yasm.vcxproj", "{1A0621F1-BB69-DA9A-47CF-DB29631E3BE6}"
EndProject
Global
	GlobalSection(SolutionConfigurationPlatforms) = preSolution
		Debug|x64 = Debug|x64
		Debug|Win32 = Debug|Win32
		Release|x64 = Release|x64
		Release|Win32 = Release|Win32
	EndGlobalSection
	GlobalSection(ProjectConfigurationPlatforms) = postSolution
		{020F7230-E410-0B14-B7D7-115F44B5C3DC}.Debug|x64.ActiveCfg = Debug|x64
		{020F7230-E410-0B14-B7D7-115F44B5C3DC}.Debug|x64.Build.0 = Debug|x64
		{020F7230-E410-0B14-B7D7-115F44B5C3DC}.Debug|Win32.ActiveCfg = Debug|Win32
		{020F7230-E410-0B14-B7D7-115F44B5C3DC}.Debug|Win32.Build.0 = Debug|Win32
		{020F7230-E410-0B14-B7D7-115F44B5C3DC}.Release|x64.ActiveCfg = Release|x64
		{020F7230-E410-0B14-B7D7-115F44B5C3DC}.Release|x64.Build.0 = Release|x64
		{020F7230-E410-0B14-B7D7-115F44B5C3DC}.Release|Win32.ActiveCfg = Release|Win32
		{020F7230-E410-0B14-B7D7-115F44B5C3DC}.Release|Win32.Build.0 = Release|Win32
		{02D23283-ECB6-D49B-70DB-AD6FCBC32454}.Debug|x64.ActiveCfg = Debug|x64
		{02D23283-ECB6-D49B-70DB-AD6FCBC32454}.Debug|x64.Build.0 = Debug|x64
		{02D23283-ECB6-D49B-70DB-AD6FCBC32454}.Debug|Win32.ActiveCfg = Debug|Win32
		{02D23283-ECB6-D49B-70DB-AD6FCBC32454}.Debug|Win32.Build.0 = Debug|Win32
		{02D23283-ECB6-D49B-70DB-AD6FCBC32454}.Release|x64.ActiveCfg = Release|x64
		{02D23283-ECB6-D49B-70DB-AD6FCBC32454}.Release|x64.Build.0 = Release|x64
		{02D23283-ECB6-D49B-70DB-AD6FCBC32454}.Release|Win32.ActiveCfg = Release|Win32
		{02D23283-ECB6-D49B-70DB-AD6FCBC32454}.Release|Win32.Build.0 = Release|Win32
		{08D3AADE-F8CF-1940-0737-F60084220BE6}.Debug|x64.ActiveCfg = Debug|x64
		{08D3AADE-F8CF-1940-0737-F60084220BE6}.Debug|x64.Build.0 = Debug|x64
		{08D3AADE-F8CF-1940-0737-F60084220BE6}.Debug|Win32.ActiveCfg = Debug|Win32
		{08D3AADE-F8CF-1940-0737-F60084220BE6}.Debug|Win32.Build.0 = Debug|Win32
		{08D3AADE-F8CF-1940-0737-F60084220BE6}.Release|x64.ActiveCfg = Release|x64
		{08D3AADE-F8CF-1940-0737-F60084220BE6}.Release|x64.Build.0 = Release|x64
		{08D3AADE-F8CF-1940-0737-F60084220BE6}.Release|Win32.ActiveCfg = Release|Win32
		{08D3AADE-F8CF-1940-0737-F60084220BE6}.Release|Win32.Build.0 = Release|Win32
		{0A39BDB7-545E-5209-DF8C-46E5995F9092}.Debug|x64.ActiveCfg = Debug|x64
		{0A39BDB7-545E-5209-DF8C-46E5995F9092}.Debug|x64.Build.0 = Debug|x64
		{0A39BDB7-545E-5209-DF8C-46E5995F9092}.Debug|Win32.ActiveCfg = Debug|Win32
		{0A39BDB7-545E-5209-DF8C-46E5995F9092}.Debug|Win32.Build.0 = Debug|Win32
		{0A39BDB7-545E-5209-DF8C-46E5995F9092}.Release|x64.ActiveCfg = Release|x64
		{0A39BDB7-545E-5209-DF8C-46E5995F9092}.Release|x64.Build.0 = Release|x64
		{0A39BDB7-545E-5209-DF8C-46E5995F9092}.Release|Win32.ActiveCfg = Release|Win32
		{0A39BDB7-545E-5209-DF8C-46E5995F9092}.Release|Win32.Build.0 = Release|Win32
		{0E551E6F-C2ED-411F-7DB0-E56BF03AF232}.Debug|x64.ActiveCfg = Debug|x64
		{0E551E6F-C2ED-411F-7DB0-E56BF03AF232}.Debug|x64.Build.0 = Debug|x64
		{0E551E6F-C2ED-411F-7DB0-E56BF03AF232}.Debug|Win32.ActiveCfg = Debug|Win32
		{0E551E6F-C2ED-411F-7DB0-E56BF03AF232}.Debug|Win32.Build.0 = Debug|Win32
		{0E551E6F-C2ED-411F-7DB0-E56BF03AF232}.Release|x64.ActiveCfg = Release|x64
		{0E551E6F-C2ED-411F-7DB0-E56BF03AF232}.Release|x64.Build.0 = Release|x64
		{0E551E6F-C2ED-411F-7DB0-E56BF03AF232}.Release|Win32.ActiveCfg = Release|Win32
		{0E551E6F-C2ED-411F-7DB0-E56BF03AF232}.Release|Win32.Build.0 = Release|Win32
		{0EA44051-22B6-0410-E9C9-A0F58FC10475}.Debug|x64.ActiveCfg = Debug|x64
		{0EA44051-22B6-0410-E9C9-A0F58FC10475}.Debug|x64.Build.0 = Debug|x64
		{0EA44051-22B6-0410-E9C9-A0F58FC10475}.Debug|Win32.ActiveCfg = Debug|Win32
		{0EA44051-22B6-0410-E9C9-A0F58FC10475}.Debug|Win32.Build.0 = Debug|Win32
		{0EA44051-22B6-0410-E9C9-A0F58FC10475}.Release|x64.ActiveCfg = Release|x64
		{0EA44051-22B6-0410-E9C9-A0F58FC10475}.Release|x64.Build.0 = Release|x64
		{0EA44051-22B6-0410-E9C9-A0F58FC10475}.Release|Win32.ActiveCfg = Release|Win32
		{0EA44051-22B6-0410-E9C9-A0F58FC10475}.Release|Win32.Build.0 = Release|Win32
		{10D342CF-2223-872B-5692-FE19662BC7EB}.Debug|x64.ActiveCfg = Debug|x64
		{10D342CF-2223-872B-5692-FE19662BC7EB}.Debug|x64.Build.0 = Debug|x64
		{10D342CF-2223-872B-5692-FE19662BC7EB}.Debug|Win32.ActiveCfg = Debug|Win32
		{10D342CF-2223-872B-5692-FE19662BC7EB}.Debug|Win32.Build.0 = Debug|Win32
		{10D342CF-2223-872B-5692-FE19662BC7EB}.Release|x64.ActiveCfg = Release|x64
		{10D342CF-2223-872B-5692-FE19662BC7EB}.Release|x64.Build.0 = Release|x64
		{10D342CF-2223-872B-5692-FE19662BC7EB}.Release|Win32.ActiveCfg = Release|Win32
		{10D342CF-2223-872B-5692-FE19662BC7EB}.Release|Win32.Build.0 = Release|Win32
		{1A0621F1-BB69-DA9A-47CF-DB29631E3BE6}.Debug|x64.ActiveCfg = Debug|x64
		{1A0621F1-BB69-DA9A-47CF-DB29631E3BE6}.Debug|x64.Build.0 = Debug|x64
		{1A0621F1-BB69-DA9A-47CF-DB29631E3BE6}.Debug|Win32.ActiveCfg = Debug|Win32
		{1A0621F1-BB69-DA9A-47CF-DB29631E3BE6}.Debug|Win32.Build.0 = Debug|Win32
		{1A0621F1-BB69-DA9A-47CF-DB29631E3BE6}.Release|x64.ActiveCfg = Release|x64
		{1A0621F1-BB69-DA9A-47CF-DB29631E3BE6}.Release|x64.Build.0 = Release|x64
		{1A0621F1-BB69-DA9A-47CF-DB29631E3BE6}.Release|Win32.ActiveCfg = Release|Win32
		{1A0621F1-BB69-DA9A-47CF-DB29631E3BE6}.Release|Win32.Build.0 = Release|Win32
		{1A165588-26D8-D77B-90A4-54263C5DB8E4}.Debug|x64.ActiveCfg = Debug|x64
		{1A165588-26D8-D77B-90A4-54263C5DB8E4}.Debug|x64.Build.0 = Debug|x64
		{1A165588-26D8-D77B-90A4-54263C5DB8E4}.Debug|Win32.ActiveCfg = Debug|Win32
		{1A165588-26D8-D77B-90A4-54263C5DB8E4}.Debug|Win32.Build.0 = Debug|Win32
		{1A165588-26D8-D77B-90A4-54263C5DB8E4}.Release|x64.ActiveCfg = Release|x64
		{1A165588-26D8-D77B-90A4-54263C5DB8E4}.Release|x64.Build.0 = Release|x64
		{1A165588-26D8-D77B-90A4-54263C5DB8E4}.Release|Win32.ActiveCfg = Release|Win32
		{1A165588-26D8-D77B-90A4-54263C5DB8E4}.Release|Win32.Build.0 = Release|Win32
		{1D46B6A8-FFB9-7F1B-C57C-6BE37528C8E8}.Debug|x64.ActiveCfg = Debug|x64
		{1D46B6A8-FFB9-7F1B-C57C-6BE37528C8E8}.Debug|x64.Build.0 = Debug|x64
		{1D46B6A8-FFB9-7F1B-C57C-6BE37528C8E8}.Debug|Win32.ActiveCfg = Debug|Win32
		{1D46B6A8-FFB9-7F1B-C57C-6BE37528C8E8}.Debug|Win32.Build.0 = Debug|Win32
		{1D46B6A8-FFB9-7F1B-C57C-6BE37528C8E8}.Release|x64.ActiveCfg = Release|x64
		{1D46B6A8-FFB9-7F1B-C57C-6BE37528C8E8}.Release|x64.Build.0 = Release|x64
		{1D46B6A8-FFB9-7F1B-C57C-6BE37528C8E8}.Release|Win32.ActiveCfg = Release|Win32
		{1D46B6A8-FFB9-7F1B-C57C-6BE37528C8E8}.Release|Win32.Build.0 = Release|Win32
		{25EF9FF6-9FB4-A1C3-F735-288E05C5C722}.Debug|x64.ActiveCfg = Debug|x64
		{25EF9FF6-9FB4-A1C3-F735-288E05C5C722}.Debug|x64.Build.0 = Debug|x64
		{25EF9FF6-9FB4-A1C3-F735-288E05C5C722}.Debug|Win32.ActiveCfg = Debug|Win32
		{25EF9FF6-9FB4-A1C3-F735-288E05C5C722}.Debug|Win32.Build.0 = Debug|Win32
		{25EF9FF6-9FB4-A1C3-F735-288E05C5C722}.Release|x64.ActiveCfg = Release|x64
		{25EF9FF6-9FB4-A1C3-F735-288E05C5C722}.Release|x64.Build.0 = Release|x64
		{25EF9FF6-9FB4-A1C3-F735-288E05C5C722}.Release|Win32.ActiveCfg = Release|Win32
		{25EF9FF6-9FB4-A1C3-F735-288E05C5C722}.Release|Win32.Build.0 = Release|Win32
		{26DDFF1A-15B0-D9DE-8212-528BF93B3261}.Debug|x64.ActiveCfg = Debug|x64
		{26DDFF1A-15B0-D9DE-8212-528BF93B3261}.Debug|x64.Build.0 = Debug|x64
		{26DDFF1A-15B0-D9DE-8212-528BF93B3261}.Debug|Win32.ActiveCfg = Debug|Win32
		{26DDFF1A-15B0-D9DE-8212-528BF93B3261}.Debug|Win32.Build.0 = Debug|Win32
		{26DDFF1A-15B0-D9DE-8212-528BF93B3261}.Release|x64.ActiveCfg = Release|x64
		{26DDFF1A-15B0-D9DE-8212-528BF93B3261}.Release|x64.Build.0 = Release|x64
		{26DDFF1A-15B0-D9DE-8212-528BF93B3261}.Release|Win32.ActiveCfg = Release|Win32
		{26DDFF1A-15B0-D9DE-8212-528BF93B3261}.Release|Win32.Build.0 = Release|Win32
		{26FFA054-A869-AF60-AB21-349229321EBA}.Debug|x64.ActiveCfg = Debug|x64
		{26FFA054-A869-AF60-AB21-349229321EBA}.Debug|x64.Build.0 = Debug|x64
		{26FFA054-A869-AF60-AB21-349229321EBA}.Debug|Win32.ActiveCfg = Debug|Win32
		{26FFA054-A869-AF60-AB21-349229321EBA}.Debug|Win32.Build.0 = Debug|Win32
		{26FFA054-A869-AF60-AB21-349229321EBA}.Release|x64.ActiveCfg = Release|x64
		{26FFA054-A869-AF60-AB21-349229321EBA}.Release|x64.Build.0 = Release|x64
		{26FFA054-A869-AF60-AB21-349229321EBA}.Release|Win32.ActiveCfg = Release|Win32
		{26FFA054-A869-AF60-AB21-349229321EBA}.Release|Win32.Build.0 = Release|Win32
		{2A203A43-4A32-7E58-17F2-6B87629CC185}.Debug|x64.ActiveCfg = Debug|x64
		{2A203A43-4A32-7E58-17F2-6B87629CC185}.Debug|x64.Build.0 = Debug|x64
		{2A203A43-4A32-7E58-17F2-6B87629CC185}.Debug|Win32.ActiveCfg = Debug|Win32
		{2A203A43-4A32-7E58-17F2-6B87629CC185}.Debug|Win32.Build.0 = Debug|Win32
		{2A203A43-4A32-7E58-17F2-6B87629CC185}.Release|x64.ActiveCfg = Release|x64
		{2A203A43-4A32-7E58-17F2-6B87629CC185}.Release|x64.Build.0 = Release|x64
		{2A203A43-4A32-7E58-17F2-6B87629CC185}.Release|Win32.ActiveCfg = Release|Win32
		{2A203A43-4A32-7E58-17F2-6B87629CC185}.Release|Win32.Build.0 = Release|Win32
		{2D964A1E-A639-9AA9-4AE3-1F78C6682E6F}.Debug|x64.ActiveCfg = Debug|x64
		{2D964A1E-A639-9AA9-4AE3-1F78C6682E6F}.Debug|x64.Build.0 = Debug|x64
		{2D964A1E-A639-9AA9-4AE3-1F78C6682E6F}.Debug|Win32.ActiveCfg = Debug|Win32
		{2D964A1E-A639-9AA9-4AE3-1F78C6682E6F}.Debug|Win32.Build.0 = Debug|Win32
		{2D964A1E-A639-9AA9-4AE3-1F78C6682E6F}.Release|x64.ActiveCfg = Release|x64
		{2D964A1E-A639-9AA9-4AE3-1F78C6682E6F}.Release|x64.Build.0 = Release|x64
		{2D964A1E-A639-9AA9-4AE3-1F78C6682E6F}.Release|Win32.ActiveCfg = Release|Win32
		{2D964A1E-A639-9AA9-4AE3-1F78C6682E6F}.Release|Win32.Build.0 = Release|Win32
		{2EB7B6CC-7DBB-7C55-8F9C-B733CA074E3E}.Debug|x64.ActiveCfg = Debug|x64
		{2EB7B6CC-7DBB-7C55-8F9C-B733CA074E3E}.Debug|x64.Build.0 = Debug|x64
		{2EB7B6CC-7DBB-7C55-8F9C-B733CA074E3E}.Debug|Win32.ActiveCfg = Debug|Win32
		{2EB7B6CC-7DBB-7C55-8F9C-B733CA074E3E}.Debug|Win32.Build.0 = Debug|Win32
		{2EB7B6CC-7DBB-7C55-8F9C-B733CA074E3E}.Release|x64.ActiveCfg = Release|x64
		{2EB7B6CC-7DBB-7C55-8F9C-B733CA074E3E}.Release|x64.Build.0 = Release|x64
		{2EB7B6CC-7DBB-7C55-8F9C-B733CA074E3E}.Release|Win32.ActiveCfg = Release|Win32
		{2EB7B6CC-7DBB-7C55-8F9C-B733CA074E3E}.Release|Win32.Build.0 = Release|Win32
		{35213468-3A75-CC70-6074-92B0C3E0C574}.Debug|x64.ActiveCfg = Debug|x64
		{35213468-3A75-CC70-6074-92B0C3E0C574}.Debug|x64.Build.0 = Debug|x64
		{35213468-3A75-CC70-6074-92B0C3E0C574}.Debug|Win32.ActiveCfg = Debug|Win32
		{35213468-3A75-CC70-6074-92B0C3E0C574}.Debug|Win32.Build.0 = Debug|Win32
		{35213468-3A75-CC70-6074-92B0C3E0C574}.Release|x64.ActiveCfg = Release|x64
		{35213468-3A75-CC70-6074-92B0C3E0C574}.Release|x64.Build.0 = Release|x64
		{35213468-3A75-CC70-6074-92B0C3E0C574}.Release|Win32.ActiveCfg = Release|Win32
		{35213468-3A75-CC70-6074-92B0C3E0C574}.Release|Win32.Build.0 = Release|Win32
		{386063D3-B15D-BF5C-5B40-D18F76C2F0C2}.Debug|x64.ActiveCfg = Debug|x64
		{386063D3-B15D-BF5C-5B40-D18F76C2F0C2}.Debug|x64.Build.0 = Debug|x64
		{386063D3-B15D-BF5C-5B40-D18F76C2F0C2}.Debug|Win32.ActiveCfg = Debug|Win32
		{386063D3-B15D-BF5C-5B40-D18F76C2F0C2}.Debug|Win32.Build.0 = Debug|Win32
		{386063D3-B15D-BF5C-5B40-D18F76C2F0C2}.Release|x64.ActiveCfg = Release|x64
		{386063D3-B15D-BF5C-5B40-D18F76C2F0C2}.Release|x64.Build.0 = Release|x64
		{386063D3-B15D-BF5C-5B40-D18F76C2F0C2}.Release|Win32.ActiveCfg = Release|Win32
		{386063D3-B15D-BF5C-5B40-D18F76C2F0C2}.Release|Win32.Build.0 = Release|Win32
		{3BF98547-8BEE-FABD-30E0-ABCDC6B6DAD0}.Debug|x64.ActiveCfg = Debug|x64
		{3BF98547-8BEE-FABD-30E0-ABCDC6B6DAD0}.Debug|x64.Build.0 = Debug|x64
		{3BF98547-8BEE-FABD-30E0-ABCDC6B6DAD0}.Debug|Win32.ActiveCfg = Debug|Win32
		{3BF98547-8BEE-FABD-30E0-ABCDC6B6DAD0}.Debug|Win32.Build.0 = Debug|Win32
		{3BF98547-8BEE-FABD-30E0-ABCDC6B6DAD0}.Release|x64.ActiveCfg = Release|x64
		{3BF98547-8BEE-FABD-30E0-ABCDC6B6DAD0}.Release|x64.Build.0 = Release|x64
		{3BF98547-8BEE-FABD-30E0-ABCDC6B6DAD0}.Release|Win32.ActiveCfg = Release|Win32
		{3BF98547-8BEE-FABD-30E0-ABCDC6B6DAD0}.Release|Win32.Build.0 = Release|Win32
		{3DAE9C21-2CD8-3E77-0C64-FA57E4598779}.Debug|x64.ActiveCfg = Debug|x64
		{3DAE9C21-2CD8-3E77-0C64-FA57E4598779}.Debug|x64.Build.0 = Debug|x64
		{3DAE9C21-2CD8-3E77-0C64-FA57E4598779}.Debug|Win32.ActiveCfg = Debug|Win32
		{3DAE9C21-2CD8-3E77-0C64-FA57E4598779}.Debug|Win32.Build.0 = Debug|Win32
		{3DAE9C21-2CD8-3E77-0C64-FA57E4598779}.Release|x64.ActiveCfg = Release|x64
		{3DAE9C21-2CD8-3E77-0C64-FA57E4598779}.Release|x64.Build.0 = Release|x64
		{3DAE9C21-2CD8-3E77-0C64-FA57E4598779}.Release|Win32.ActiveCfg = Release|Win32
		{3DAE9C21-2CD8-3E77-0C64-FA57E4598779}.Release|Win32.Build.0 = Release|Win32
		{3F6070C4-94B3-340F-3CAA-7D6456EFEB30}.Debug|x64.ActiveCfg = Debug|x64
		{3F6070C4-94B3-340F-3CAA-7D6456EFEB30}.Debug|x64.Build.0 = Debug|x64
		{3F6070C4-94B3-340F-3CAA-7D6456EFEB30}.Debug|Win32.ActiveCfg = Debug|Win32
		{3F6070C4-94B3-340F-3CAA-7D6456EFEB30}.Debug|Win32.Build.0 = Debug|Win32
		{3F6070C4-94B3-340F-3CAA-7D6456EFEB30}.Release|x64.ActiveCfg = Release|x64
		{3F6070C4-94B3-340F-3CAA-7D6456EFEB30}.Release|x64.Build.0 = Release|x64
		{3F6070C4-94B3-340F-3CAA-7D6456EFEB30}.Release|Win32.ActiveCfg = Release|Win32
		{3F6070C4-94B3-340F-3CAA-7D6456EFEB30}.Release|Win32.Build.0 = Release|Win32
		{427D9B6B-0FAA-9370-D688-E5745E782CC7}.Debug|x64.ActiveCfg = Debug|x64
		{427D9B6B-0FAA-9370-D688-E5745E782CC7}.Debug|x64.Build.0 = Debug|x64
		{427D9B6B-0FAA-9370-D688-E5745E782CC7}.Debug|Win32.ActiveCfg = Debug|Win32
		{427D9B6B-0FAA-9370-D688-E5745E782CC7}.Debug|Win32.Build.0 = Debug|Win32
		{427D9B6B-0FAA-9370-D688-E5745E782CC7}.Release|x64.ActiveCfg = Release|x64
		{427D9B6B-0FAA-9370-D688-E5745E782CC7}.Release|x64.Build.0 = Release|x64
		{427D9B6B-0FAA-9370-D688-E5745E782CC7}.Release|Win32.ActiveCfg = Release|Win32
		{427D9B6B-0FAA-9370-D688-E5745E782CC7}.Release|Win32.Build.0 = Release|Win32
		{43CF7F6D-B3D3-E996-8065-F4117DB09574}.Debug|x64.ActiveCfg = Debug|x64
		{43CF7F6D-B3D3-E996-8065-F4117DB09574}.Debug|x64.Build.0 = Debug|x64
		{43CF7F6D-B3D3-E996-8065-F4117DB09574}.Debug|Win32.ActiveCfg = Debug|Win32
		{43CF7F6D-B3D3-E996-8065-F4117DB09574}.Debug|Win32.Build.0 = Debug|Win32
		{43CF7F6D-B3D3-E996-8065-F4117DB09574}.Release|x64.ActiveCfg = Release|x64
		{43CF7F6D-B3D3-E996-8065-F4117DB09574}.Release|x64.Build.0 = Release|x64
		{43CF7F6D-B3D3-E996-8065-F4117DB09574}.Release|Win32.ActiveCfg = Release|Win32
		{43CF7F6D-B3D3-E996-8065-F4117DB09574}.Release|Win32.Build.0 = Release|Win32
		{4426C477-0D90-B572-97C3-18412F18915F}.Debug|x64.ActiveCfg = Debug|x64
		{4426C477-0D90-B572-97C3-18412F18915F}.Debug|x64.Build.0 = Debug|x64
		{4426C477-0D90-B572-97C3-18412F18915F}.Debug|Win32.ActiveCfg = Debug|Win32
		{4426C477-0D90-B572-97C3-18412F18915F}.Debug|Win32.Build.0 = Debug|Win32
		{4426C477-0D90-B572-97C3-18412F18915F}.Release|x64.ActiveCfg = Release|x64
		{4426C477-0D90-B572-97C3-18412F18915F}.Release|x64.Build.0 = Release|x64
		{4426C477-0D90-B572-97C3-18412F18915F}.Release|Win32.ActiveCfg = Release|Win32
		{4426C477-0D90-B572-97C3-18412F18915F}.Release|Win32.Build.0 = Release|Win32
		{46C7CED4-8781-DB20-D39F-98931475661A}.Debug|x64.ActiveCfg = Debug|x64
		{46C7CED4-8781-DB20-D39F-98931475661A}.Debug|x64.Build.0 = Debug|x64
		{46C7CED4-8781-DB20-D39F-98931475661A}.Debug|Win32.ActiveCfg = Debug|Win32
		{46C7CED4-8781-DB20-D39F-98931475661A}.Debug|Win32.Build.0 = Debug|Win32
		{46C7CED4-8781-DB20-D39F-98931475661A}.Release|x64.ActiveCfg = Release|x64
		{46C7CED4-8781-DB20-D39F-98931475661A}.Release|x64.Build.0 = Release|x64
		{46C7CED4-8781-DB20-D39F-98931475661A}.Release|Win32.ActiveCfg = Release|Win32
		{46C7CED4-8781-DB20-D39F-98931475661A}.Release|Win32.Build.0 = Release|Win32
		{46DF8850-2AF8-748E-2B09-55F84589CD86}.Debug|x64.ActiveCfg = Debug|x64
		{46DF8850-2AF8-748E-2B09-55F84589CD86}.Debug|x64.Build.0 = Debug|x64
		{46DF8850-2AF8-748E-2B09-55F84589CD86}.Debug|Win32.ActiveCfg = Debug|Win32
		{46DF8850-2AF8-748E-2B09-55F84589CD86}.Debug|Win32.Build.0 = Debug|Win32
		{46DF8850-2AF8-748E-2B09-55F84589CD86}.Release|x64.ActiveCfg = Release|x64
		{46DF8850-2AF8-748E-2B09-55F84589CD86}.Release|x64.Build.0 = Release|x64
		{46DF8850-2AF8-748E-2B09-55F84589CD86}.Release|Win32.ActiveCfg = Release|Win32
		{46DF8850-2AF8-748E-2B09-55F84589CD86}.Release|Win32.Build.0 = Release|Win32
		{484504A6-F380-863A-7F1D-C3C7D492F447}.Debug|x64.ActiveCfg = Debug|x64
		{484504A6-F380-863A-7F1D-C3C7D492F447}.Debug|x64.Build.0 = Debug|x64
		{484504A6-F380-863A-7F1D-C3C7D492F447}.Debug|Win32.ActiveCfg = Debug|Win32
		{484504A6-F380-863A-7F1D-C3C7D492F447}.Debug|Win32.Build.0 = Debug|Win32
		{484504A6-F380-863A-7F1D-C3C7D492F447}.Release|x64.ActiveCfg = Release|x64
		{484504A6-F380-863A-7F1D-C3C7D492F447}.Release|x64.Build.0 = Release|x64
		{484504A6-F380-863A-7F1D-C3C7D492F447}.Release|Win32.ActiveCfg = Release|Win32
		{484504A6-F380-863A-7F1D-C3C7D492F447}.Release|Win32.Build.0 = Release|Win32
		{49A5B1D3-C958-DDA9-D728-481769EBFF08}.Debug|x64.ActiveCfg = Debug|x64
		{49A5B1D3-C958-DDA9-D728-481769EBFF08}.Debug|x64.Build.0 = Debug|x64
		{49A5B1D3-C958-DDA9-D728-481769EBFF08}.Debug|Win32.ActiveCfg = Debug|Win32
		{49A5B1D3-C958-DDA9-D728-481769EBFF08}.Debug|Win32.Build.0 = Debug|Win32
		{49A5B1D3-C958-DDA9-D728-481769EBFF08}.Release|x64.ActiveCfg = Release|x64
		{49A5B1D3-C958-DDA9-D728-481769EBFF08}.Release|x64.Build.0 = Release|x64
		{49A5B1D3-C958-DDA9-D728-481769EBFF08}.Release|Win32.ActiveCfg = Release|Win32
		{49A5B1D3-C958-DDA9-D728-481769EBFF08}.Release|Win32.Build.0 = Release|Win32
		{4ACE7211-5ABD-D38A-0DFA-DAF87152A892}.Debug|x64.ActiveCfg = Debug|x64
		{4ACE7211-5ABD-D38A-0DFA-DAF87152A892}.Debug|x64.Build.0 = Debug|x64
		{4ACE7211-5ABD-D38A-0DFA-DAF87152A892}.Debug|Win32.ActiveCfg = Debug|Win32
		{4ACE7211-5ABD-D38A-0DFA-DAF87152A892}.Debug|Win32.Build.0 = Debug|Win32
		{4ACE7211-5ABD-D38A-0DFA-DAF87152A892}.Release|x64.ActiveCfg = Release|x64
		{4ACE7211-5ABD-D38A-0DFA-DAF87152A892}.Release|x64.Build.0 = Release|x64
		{4ACE7211-5ABD-D38A-0DFA-DAF87152A892}.Release|Win32.ActiveCfg = Release|Win32
		{4ACE7211-5ABD-D38A-0DFA-DAF87152A892}.Release|Win32.Build.0 = Release|Win32
		{4C7C3055-2A8B-FB5F-E6AD-5A853EC3863C}.Debug|x64.ActiveCfg = Debug|x64
		{4C7C3055-2A8B-FB5F-E6AD-5A853EC3863C}.Debug|x64.Build.0 = Debug|x64
		{4C7C3055-2A8B-FB5F-E6AD-5A853EC3863C}.Debug|Win32.ActiveCfg = Debug|Win32
		{4C7C3055-2A8B-FB5F-E6AD-5A853EC3863C}.Debug|Win32.Build.0 = Debug|Win32
		{4C7C3055-2A8B-FB5F-E6AD-5A853EC3863C}.Release|x64.ActiveCfg = Release|x64
		{4C7C3055-2A8B-FB5F-E6AD-5A853EC3863C}.Release|x64.Build.0 = Release|x64
		{4C7C3055-2A8B-FB5F-E6AD-5A853EC3863C}.Release|Win32.ActiveCfg = Release|Win32
		{4C7C3055-2A8B-FB5F-E6AD-5A853EC3863C}.Release|Win32.Build.0 = Release|Win32
		{541DB9F4-49F2-CE8A-42D1-CCC0ACBCAB04}.Debug|x64.ActiveCfg = Debug|x64
		{541DB9F4-49F2-CE8A-42D1-CCC0ACBCAB04}.Debug|x64.Build.0 = Debug|x64
		{541DB9F4-49F2-CE8A-42D1-CCC0ACBCAB04}.Debug|Win32.ActiveCfg = Debug|Win32
		{541DB9F4-49F2-CE8A-42D1-CCC0ACBCAB04}.Debug|Win32.Build.0 = Debug|Win32
		{541DB9F4-49F2-CE8A-42D1-CCC0ACBCAB04}.Release|x64.ActiveCfg = Release|x64
		{541DB9F4-49F2-CE8A-42D1-CCC0ACBCAB04}.Release|x64.Build.0 = Release|x64
		{541DB9F4-49F2-CE8A-42D1-CCC0ACBCAB04}.Release|Win32.ActiveCfg = Release|Win32
		{541DB9F4-49F2-CE8A-42D1-CCC0ACBCAB04}.Release|Win32.Build.0 = Release|Win32
		{59A18874-6258-FD91-09E1-3EEF30759559}.Debug|x64.ActiveCfg = Debug|x64
		{59A18874-6258-FD91-09E1-3EEF30759559}.Debug|x64.Build.0 = Debug|x64
		{59A18874-6258-FD91-09E1-3EEF30759559}.Debug|Win32.ActiveCfg = Debug|Win32
		{59A18874-6258-FD91-09E1-3EEF30759559}.Debug|Win32.Build.0 = Debug|Win32
		{59A18874-6258-FD91-09E1-3EEF30759559}.Release|x64.ActiveCfg = Release|x64
		{59A18874-6258-FD91-09E1-3EEF30759559}.Release|x64.Build.0 = Release|x64
		{59A18874-6258-FD91-09E1-3EEF30759559}.Release|Win32.ActiveCfg = Release|Win32
		{59A18874-6258-FD91-09E1-3EEF30759559}.Release|Win32.Build.0 = Release|Win32
		{5F0A554C-4813-3B22-1A8B-929323E27749}.Debug|x64.ActiveCfg = Debug|x64
		{5F0A554C-4813-3B22-1A8B-929323E27749}.Debug|x64.Build.0 = Debug|x64
		{5F0A554C-4813-3B22-1A8B-929323E27749}.Debug|Win32.ActiveCfg = Debug|Win32
		{5F0A554C-4813-3B22-1A8B-929323E27749}.Debug|Win32.Build.0 = Debug|Win32
		{5F0A554C-4813-3B22-1A8B-929323E27749}.Release|x64.ActiveCfg = Release|x64
		{5F0A554C-4813-3B22-1A8B-929323E27749}.Release|x64.Build.0 = Release|x64
		{5F0A554C-4813-3B22-1A8B-929323E27749}.Release|Win32.ActiveCfg = Release|Win32
		{5F0A554C-4813-3B22-1A8B-929323E27749}.Release|Win32.Build.0 = Release|Win32
		{6165423C-9DDF-FAA1-296C-DC50185DECAD}.Debug|x64.ActiveCfg = Debug|x64
		{6165423C-9DDF-FAA1-296C-DC50185DECAD}.Debug|x64.Build.0 = Debug|x64
		{6165423C-9DDF-FAA1-296C-DC50185DECAD}.Debug|Win32.ActiveCfg = Debug|Win32
		{6165423C-9DDF-FAA1-296C-DC50185DECAD}.Debug|Win32.Build.0 = Debug|Win32
		{6165423C-9DDF-FAA1-296C-DC50185DECAD}.Release|x64.ActiveCfg = Release|x64
		{6165423C-9DDF-FAA1-296C-DC50185DECAD}.Release|x64.Build.0 = Release|x64
		{6165423C-9DDF-FAA1-296C-DC50185DECAD}.Release|Win32.ActiveCfg = Release|Win32
		{6165423C-9DDF-FAA1-296C-DC50185DECAD}.Release|Win32.Build.0 = Release|Win32
		{6639F408-1622-54F6-8B2C-D2DA1B2918BA}.Debug|x64.ActiveCfg = Debug|x64
		{6639F408-1622-54F6-8B2C-D2DA1B2918BA}.Debug|x64.Build.0 = Debug|x64
		{6639F408-1622-54F6-8B2C-D2DA1B2918BA}.Debug|Win32.ActiveCfg = Debug|Win32
		{6639F408-1622-54F6-8B2C-D2DA1B2918BA}.Debug|Win32.Build.0 = Debug|Win32
		{6639F408-1622-54F6-8B2C-D2DA1B2918BA}.Release|x64.ActiveCfg = Release|x64
		{6639F408-1622-54F6-8B2C-D2DA1B2918BA}.Release|x64.Build.0 = Release|x64
		{6639F408-1622-54F6-8B2C-D2DA1B2918BA}.Release|Win32.ActiveCfg = Release|Win32
		{6639F408-1622-54F6-8B2C-D2DA1B2918BA}.Release|Win32.Build.0 = Release|Win32
		{67040587-E204-D369-BFCC-32A899264541}.Debug|x64.ActiveCfg = Debug|x64
		{67040587-E204-D369-BFCC-32A899264541}.Debug|x64.Build.0 = Debug|x64
		{67040587-E204-D369-BFCC-32A899264541}.Debug|Win32.ActiveCfg = Debug|Win32
		{67040587-E204-D369-BFCC-32A899264541}.Debug|Win32.Build.0 = Debug|Win32
		{67040587-E204-D369-BFCC-32A899264541}.Release|x64.ActiveCfg = Release|x64
		{67040587-E204-D369-BFCC-32A899264541}.Release|x64.Build.0 = Release|x64
		{67040587-E204-D369-BFCC-32A899264541}.Release|Win32.ActiveCfg = Release|Win32
		{67040587-E204-D369-BFCC-32A899264541}.Release|Win32.Build.0 = Release|Win32
		{6A79D6C8-BB84-E5BE-D18E-7C77B5EFF7BD}.Debug|x64.ActiveCfg = Debug|x64
		{6A79D6C8-BB84-E5BE-D18E-7C77B5EFF7BD}.Debug|x64.Build.0 = Debug|x64
		{6A79D6C8-BB84-E5BE-D18E-7C77B5EFF7BD}.Debug|Win32.ActiveCfg = Debug|Win32
		{6A79D6C8-BB84-E5BE-D18E-7C77B5EFF7BD}.Debug|Win32.Build.0 = Debug|Win32
		{6A79D6C8-BB84-E5BE-D18E-7C77B5EFF7BD}.Release|x64.ActiveCfg = Release|x64
		{6A79D6C8-BB84-E5BE-D18E-7C77B5EFF7BD}.Release|x64.Build.0 = Release|x64
		{6A79D6C8-BB84-E5BE-D18E-7C77B5EFF7BD}.Release|Win32.ActiveCfg = Release|Win32
		{6A79D6C8-BB84-E5BE-D18E-7C77B5EFF7BD}.Release|Win32.Build.0 = Release|Win32
		{6BACBE45-4C1A-6C1D-FC7D-40C73412ED00}.Debug|x64.ActiveCfg = Debug|x64
		{6BACBE45-4C1A-6C1D-FC7D-40C73412ED00}.Debug|x64.Build.0 = Debug|x64
		{6BACBE45-4C1A-6C1D-FC7D-40C73412ED00}.Debug|Win32.ActiveCfg = Debug|Win32
		{6BACBE45-4C1A-6C1D-FC7D-40C73412ED00}.Debug|Win32.Build.0 = Debug|Win32
		{6BACBE45-4C1A-6C1D-FC7D-40C73412ED00}.Release|x64.ActiveCfg = Release|x64
		{6BACBE45-4C1A-6C1D-FC7D-40C73412ED00}.Release|x64.Build.0 = Release|x64
		{6BACBE45-4C1A-6C1D-FC7D-40C73412ED00}.Release|Win32.ActiveCfg = Release|Win32
		{6BACBE45-4C1A-6C1D-FC7D-40C73412ED00}.Release|Win32.Build.0 = Release|Win32
		{6C9A34EF-54B5-4EEA-9FB6-B9D0FEDE3829}.Debug|x64.ActiveCfg = Debug|x64
		{6C9A34EF-54B5-4EEA-9FB6-B9D0FEDE3829}.Debug|x64.Build.0 = Debug|x64
		{6C9A34EF-54B5-4EEA-9FB6-B9D0FEDE3829}.Debug|Win32.ActiveCfg = Debug|Win32
		{6C9A34EF-54B5-4EEA-9FB6-B9D0FEDE3829}.Debug|Win32.Build.0 = Debug|Win32
		{6C9A34EF-54B5-4EEA-9FB6-B9D0FEDE3829}.Release|x64.ActiveCfg = Release|x64
		{6C9A34EF-54B5-4EEA-9FB6-B9D0FEDE3829}.Release|x64.Build.0 = Release|x64
		{6C9A34EF-54B5-4EEA-9FB6-B9D0FEDE3829}.Release|Win32.ActiveCfg = Release|Win32
		{6C9A34EF-54B5-4EEA-9FB6-B9D0FEDE3829}.Release|Win32.Build.0 = Release|Win32
		{714EC38B-FD84-94D4-773E-82E9B489B22C}.Debug|x64.ActiveCfg = Debug|x64
		{714EC38B-FD84-94D4-773E-82E9B489B22C}.Debug|x64.Build.0 = Debug|x64
		{714EC38B-FD84-94D4-773E-82E9B489B22C}.Debug|Win32.ActiveCfg = Debug|Win32
		{714EC38B-FD84-94D4-773E-82E9B489B22C}.Debug|Win32.Build.0 = Debug|Win32
		{714EC38B-FD84-94D4-773E-82E9B489B22C}.Release|x64.ActiveCfg = Release|x64
		{714EC38B-FD84-94D4-773E-82E9B489B22C}.Release|x64.Build.0 = Release|x64
		{714EC38B-FD84-94D4-773E-82E9B489B22C}.Release|Win32.ActiveCfg = Release|Win32
		{714EC38B-FD84-94D4-773E-82E9B489B22C}.Release|Win32.Build.0 = Release|Win32
		{731C67AE-395F-3F1A-5035-D2DC0A229057}.Debug|x64.ActiveCfg = Debug|x64
		{731C67AE-395F-3F1A-5035-D2DC0A229057}.Debug|x64.Build.0 = Debug|x64
		{731C67AE-395F-3F1A-5035-D2DC0A229057}.Debug|Win32.ActiveCfg = Debug|Win32
		{731C67AE-395F-3F1A-5035-D2DC0A229057}.Debug|Win32.Build.0 = Debug|Win32
		{731C67AE-395F-3F1A-5035-D2DC0A229057}.Release|x64.ActiveCfg = Release|x64
		{731C67AE-395F-3F1A-5035-D2DC0A229057}.Release|x64.Build.0 = Release|x64
		{731C67AE-395F-3F1A-5035-D2DC0A229057}.Release|Win32.ActiveCfg = Release|Win32
		{731C67AE-395F-3F1A-5035-D2DC0A229057}.Release|Win32.Build.0 = Release|Win32
		{74D78776-4BAE-3973-29D1-CBC5FD3C62AC}.Debug|x64.ActiveCfg = Debug|x64
		{74D78776-4BAE-3973-29D1-CBC5FD3C62AC}.Debug|x64.Build.0 = Debug|x64
		{74D78776-4BAE-3973-29D1-CBC5FD3C62AC}.Debug|Win32.ActiveCfg = Debug|Win32
		{74D78776-4BAE-3973-29D1-CBC5FD3C62AC}.Debug|Win32.Build.0 = Debug|Win32
		{74D78776-4BAE-3973-29D1-CBC5FD3C62AC}.Release|x64.ActiveCfg = Release|x64
		{74D78776-4BAE-3973-29D1-CBC5FD3C62AC}.Release|x64.Build.0 = Release|x64
		{74D78776-4BAE-3973-29D1-CBC5FD3C62AC}.Release|Win32.ActiveCfg = Release|Win32
		{74D78776-4BAE-3973-29D1-CBC5FD3C62AC}.Release|Win32.Build.0 = Release|Win32
		{765C5D67-8E70-F387-FEC3-9A35DFC6FF17}.Debug|x64.ActiveCfg = Debug|x64
		{765C5D67-8E70-F387-FEC3-9A35DFC6FF17}.Debug|x64.Build.0 = Debug|x64
		{765C5D67-8E70-F387-FEC3-9A35DFC6FF17}.Debug|Win32.ActiveCfg = Debug|Win32
		{765C5D67-8E70-F387-FEC3-9A35DFC6FF17}.Debug|Win32.Build.0 = Debug|Win32
		{765C5D67-8E70-F387-FEC3-9A35DFC6FF17}.Release|x64.ActiveCfg = Release|x64
		{765C5D67-8E70-F387-FEC3-9A35DFC6FF17}.Release|x64.Build.0 = Release|x64
		{765C5D67-8E70-F387-FEC3-9A35DFC6FF17}.Release|Win32.ActiveCfg = Release|Win32
		{765C5D67-8E70-F387-FEC3-9A35DFC6FF17}.Release|Win32.Build.0 = Release|Win32
		{7684AB72-6ABA-7F19-76E4-47FCF495AC86}.Debug|x64.ActiveCfg = Debug|x64
		{7684AB72-6ABA-7F19-76E4-47FCF495AC86}.Debug|x64.Build.0 = Debug|x64
		{7684AB72-6ABA-7F19-76E4-47FCF495AC86}.Debug|Win32.ActiveCfg = Debug|Win32
		{7684AB72-6ABA-7F19-76E4-47FCF495AC86}.Debug|Win32.Build.0 = Debug|Win32
		{7684AB72-6ABA-7F19-76E4-47FCF495AC86}.Release|x64.ActiveCfg = Release|x64
		{7684AB72-6ABA-7F19-76E4-47FCF495AC86}.Release|x64.Build.0 = Release|x64
		{7684AB72-6ABA-7F19-76E4-47FCF495AC86}.Release|Win32.ActiveCfg = Release|Win32
		{7684AB72-6ABA-7F19-76E4-47FCF495AC86}.Release|Win32.Build.0 = Release|Win32
		{7761613A-FB1D-6733-49E1-B5F11919EF6D}.Debug|x64.ActiveCfg = Debug|x64
		{7761613A-FB1D-6733-49E1-B5F11919EF6D}.Debug|x64.Build.0 = Debug|x64
		{7761613A-FB1D-6733-49E1-B5F11919EF6D}.Debug|Win32.ActiveCfg = Debug|Win32
		{7761613A-FB1D-6733-49E1-B5F11919EF6D}.Debug|Win32.Build.0 = Debug|Win32
		{7761613A-FB1D-6733-49E1-B5F11919EF6D}.Release|x64.ActiveCfg = Release|x64
		{7761613A-FB1D-6733-49E1-B5F11919EF6D}.Release|x64.Build.0 = Release|x64
		{7761613A-FB1D-6733-49E1-B5F11919EF6D}.Release|Win32.ActiveCfg = Release|Win32
		{7761613A-FB1D-6733-49E1-B5F11919EF6D}.Release|Win32.Build.0 = Release|Win32
		{777735DA-DC4F-2EA7-98DE-701D0246EA6C}.Debug|x64.ActiveCfg = Debug|x64
		{777735DA-DC4F-2EA7-98DE-701D0246EA6C}.Debug|x64.Build.0 = Debug|x64
		{777735DA-DC4F-2EA7-98DE-701D0246EA6C}.Debug|Win32.ActiveCfg = Debug|Win32
		{777735DA-DC4F-2EA7-98DE-701D0246EA6C}.Debug|Win32.Build.0 = Debug|Win32
		{777735DA-DC4F-2EA7-98DE-701D0246EA6C}.Release|x64.ActiveCfg = Release|x64
		{777735DA-DC4F-2EA7-98DE-701D0246EA6C}.Release|x64.Build.0 = Release|x64
		{777735DA-DC4F-2EA7-98DE-701D0246EA6C}.Release|Win32.ActiveCfg = Release|Win32
		{777735DA-DC4F-2EA7-98DE-701D0246EA6C}.Release|Win32.Build.0 = Release|Win32
		{78115010-3728-93E9-1491-28864AA79518}.Debug|x64.ActiveCfg = Debug|x64
		{78115010-3728-93E9-1491-28864AA79518}.Debug|x64.Build.0 = Debug|x64
		{78115010-3728-93E9-1491-28864AA79518}.Debug|Win32.ActiveCfg = Debug|Win32
		{78115010-3728-93E9-1491-28864AA79518}.Debug|Win32.Build.0 = Debug|Win32
		{78115010-3728-93E9-1491-28864AA79518}.Release|x64.ActiveCfg = Release|x64
		{78115010-3728-93E9-1491-28864AA79518}.Release|x64.Build.0 = Release|x64
		{78115010-3728-93E9-1491-28864AA79518}.Release|Win32.ActiveCfg = Release|Win32
		{78115010-3728-93E9-1491-28864AA79518}.Release|Win32.Build.0 = Release|Win32
		{79EC4CE2-2B5C-3F97-39A3-2450722A281F}.Debug|x64.ActiveCfg = Debug|x64
		{79EC4CE2-2B5C-3F97-39A3-2450722A281F}.Debug|x64.Build.0 = Debug|x64
		{79EC4CE2-2B5C-3F97-39A3-2450722A281F}.Debug|Win32.ActiveCfg = Debug|Win32
		{79EC4CE2-2B5C-3F97-39A3-2450722A281F}.Debug|Win32.Build.0 = Debug|Win32
		{79EC4CE2-2B5C-3F97-39A3-2450722A281F}.Release|x64.ActiveCfg = Release|x64
		{79EC4CE2-2B5C-3F97-39A3-2450722A281F}.Release|x64.Build.0 = Release|x64
		{79EC4CE2-2B5C-3F97-39A3-2450722A281F}.Release|Win32.ActiveCfg = Release|Win32
		{79EC4CE2-2B5C-3F97-39A3-2450722A281F}.Release|Win32.Build.0 = Release|Win32
		{7C6E4454-1D39-9A54-62A4-D1E9376D1C70}.Debug|x64.ActiveCfg = Debug|x64
		{7C6E4454-1D39-9A54-62A4-D1E9376D1C70}.Debug|x64.Build.0 = Debug|x64
		{7C6E4454-1D39-9A54-62A4-D1E9376D1C70}.Debug|Win32.ActiveCfg = Debug|Win32
		{7C6E4454-1D39-9A54-62A4-D1E9376D1C70}.Debug|Win32.Build.0 = Debug|Win32
		{7C6E4454-1D39-9A54-62A4-D1E9376D1C70}.Release|x64.ActiveCfg = Release|x64
		{7C6E4454-1D39-9A54-62A4-D1E9376D1C70}.Release|x64.Build.0 = Release|x64
		{7C6E4454-1D39-9A54-62A4-D1E9376D1C70}.Release|Win32.ActiveCfg = Release|Win32
		{7C6E4454-1D39-9A54-62A4-D1E9376D1C70}.Release|Win32.Build.0 = Release|Win32
		{83EFD46A-F356-6194-02C9-974819830FC1}.Debug|x64.ActiveCfg = Debug|x64
		{83EFD46A-F356-6194-02C9-974819830FC1}.Debug|x64.Build.0 = Debug|x64
		{83EFD46A-F356-6194-02C9-974819830FC1}.Debug|Win32.ActiveCfg = Debug|Win32
		{83EFD46A-F356-6194-02C9-974819830FC1}.Debug|Win32.Build.0 = Debug|Win32
		{83EFD46A-F356-6194-02C9-974819830FC1}.Release|x64.ActiveCfg = Release|x64
		{83EFD46A-F356-6194-02C9-974819830FC1}.Release|x64.Build.0 = Release|x64
		{83EFD46A-F356-6194-02C9-974819830FC1}.Release|Win32.ActiveCfg = Release|Win32
		{83EFD46A-F356-6194-02C9-974819830FC1}.Release|Win32.Build.0 = Release|Win32
		{841BB6C4-EB81-A766-962B-95690E00DB2C}.Debug|x64.ActiveCfg = Debug|x64
		{841BB6C4-EB81-A766-962B-95690E00DB2C}.Debug|x64.Build.0 = Debug|x64
		{841BB6C4-EB81-A766-962B-95690E00DB2C}.Debug|Win32.ActiveCfg = Debug|Win32
		{841BB6C4-EB81-A766-962B-95690E00DB2C}.Debug|Win32.Build.0 = Debug|Win32
		{841BB6C4-EB81-A766-962B-95690E00DB2C}.Release|x64.ActiveCfg = Release|x64
		{841BB6C4-EB81-A766-962B-95690E00DB2C}.Release|x64.Build.0 = Release|x64
		{841BB6C4-EB81-A766-962B-95690E00DB2C}.Release|Win32.ActiveCfg = Release|Win32
		{841BB6C4-EB81-A766-962B-95690E00DB2C}.Release|Win32.Build.0 = Release|Win32
		{86B657E8-B090-2517-FA5C-78F8E4992C1D}.Debug|x64.ActiveCfg = Debug|x64
		{86B657E8-B090-2517-FA5C-78F8E4992C1D}.Debug|x64.Build.0 = Debug|x64
		{86B657E8-B090-2517-FA5C-78F8E4992C1D}.Debug|Win32.ActiveCfg = Debug|Win32
		{86B657E8-B090-2517-FA5C-78F8E4992C1D}.Debug|Win32.Build.0 = Debug|Win32
		{86B657E8-B090-2517-FA5C-78F8E4992C1D}.Release|x64.ActiveCfg = Release|x64
		{86B657E8-B090-2517-FA5C-78F8E4992C1D}.Release|x64.Build.0 = Release|x64
		{86B657E8-B090-2517-FA5C-78F8E4992C1D}.Release|Win32.ActiveCfg = Release|Win32
		{86B657E8-B090-2517-FA5C-78F8E4992C1D}.Release|Win32.Build.0 = Release|Win32
		{88BCCBF6-EAF6-B27B-534F-480175A9328D}.Debug|x64.ActiveCfg = Debug|x64
		{88BCCBF6-EAF6-B27B-534F-480175A9328D}.Debug|x64.Build.0 = Debug|x64
		{88BCCBF6-EAF6-B27B-534F-480175A9328D}.Debug|Win32.ActiveCfg = Debug|Win32
		{88BCCBF6-EAF6-B27B-534F-480175A9328D}.Debug|Win32.Build.0 = Debug|Win32
		{88BCCBF6-EAF6-B27B-534F-480175A9328D}.Release|x64.ActiveCfg = Release|x64
		{88BCCBF6-EAF6-B27B-534F-480175A9328D}.Release|x64.Build.0 = Release|x64
		{88BCCBF6-EAF6-B27B-534F-480175A9328D}.Release|Win32.ActiveCfg = Release|Win32
		{88BCCBF6-EAF6-B27B-534F-480175A9328D}.Release|Win32.Build.0 = Release|Win32
		{8BD620DC-C759-323D-1896-0E37A9B35E3E}.Debug|x64.ActiveCfg = Debug|x64
		{8BD620DC-C759-323D-1896-0E37A9B35E3E}.Debug|x64.Build.0 = Debug|x64
		{8BD620DC-C759-323D-1896-0E37A9B35E3E}.Debug|Win32.ActiveCfg = Debug|Win32
		{8BD620DC-C759-323D-1896-0E37A9B35E3E}.Debug|Win32.Build.0 = Debug|Win32
		{8BD620DC-C759-323D-1896-0E37A9B35E3E}.Release|x64.ActiveCfg = Release|x64
		{8BD620DC-C759-323D-1896-0E37A9B35E3E}.Release|x64.Build.0 = Release|x64
		{8BD620DC-C759-323D-1896-0E37A9B35E3E}.Release|Win32.ActiveCfg = Release|Win32
		{8BD620DC-C759-323D-1896-0E37A9B35E3E}.Release|Win32.Build.0 = Release|Win32
		{8C9B9C0F-E350-85C9-EFEA-1EA728699AEA}.Debug|x64.ActiveCfg = Debug|x64
		{8C9B9C0F-E350-85C9-EFEA-1EA728699AEA}.Debug|x64.Build.0 = Debug|x64
		{8C9B9C0F-E350-85C9-EFEA-1EA728699AEA}.Debug|Win32.ActiveCfg = Debug|Win32
		{8C9B9C0F-E350-85C9-EFEA-1EA728699AEA}.Debug|Win32.Build.0 = Debug|Win32
		{8C9B9C0F-E350-85C9-EFEA-1EA728699AEA}.Release|x64.ActiveCfg = Release|x64
		{8C9B9C0F-E350-85C9-EFEA-1EA728699AEA}.Release|x64.Build.0 = Release|x64
		{8C9B9C0F-E350-85C9-EFEA-1EA728699AEA}.Release|Win32.ActiveCfg = Release|Win32
		{8C9B9C0F-E350-85C9-EFEA-1EA728699AEA}.Release|Win32.Build.0 = Release|Win32
		{8D52DFFA-93A9-E356-6FA7-51F346831ABD}.Debug|x64.ActiveCfg = Debug|x64
		{8D52DFFA-93A9-E356-6FA7-51F346831ABD}.Debug|x64.Build.0 = Debug|x64
		{8D52DFFA-93A9-E356-6FA7-51F346831ABD}.Debug|Win32.ActiveCfg = Debug|Win32
		{8D52DFFA-93A9-E356-6FA7-51F346831ABD}.Debug|Win32.Build.0 = Debug|Win32
		{8D52DFFA-93A9-E356-6FA7-51F346831ABD}.Release|x64.ActiveCfg = Release|x64
		{8D52DFFA-93A9-E356-6FA7-51F346831ABD}.Release|x64.Build.0 = Release|x64
		{8D52DFFA-93A9-E356-6FA7-51F346831ABD}.Release|Win32.ActiveCfg = Release|Win32
		{8D52DFFA-93A9-E356-6FA7-51F346831ABD}.Release|Win32.Build.0 = Release|Win32
		{8D566347-E38A-B90F-D50D-49A779775CC0}.Debug|x64.ActiveCfg = Debug|x64
		{8D566347-E38A-B90F-D50D-49A779775CC0}.Debug|x64.Build.0 = Debug|x64
		{8D566347-E38A-B90F-D50D-49A779775CC0}.Debug|Win32.ActiveCfg = Debug|Win32
		{8D566347-E38A-B90F-D50D-49A779775CC0}.Debug|Win32.Build.0 = Debug|Win32
		{8D566347-E38A-B90F-D50D-49A779775CC0}.Release|x64.ActiveCfg = Release|x64
		{8D566347-E38A-B90F-D50D-49A779775CC0}.Release|x64.Build.0 = Release|x64
		{8D566347-E38A-B90F-D50D-49A779775CC0}.Release|Win32.ActiveCfg = Release|Win32
		{8D566347-E38A-B90F-D50D-49A779775CC0}.Release|Win32.Build.0 = Release|Win32
		{922F2D8C-01E1-4ABA-E783-EEFED6171576}.Debug|x64.ActiveCfg = Debug|x64
		{922F2D8C-01E1-4ABA-E783-EEFED6171576}.Debug|x64.Build.0 = Debug|x64
		{922F2D8C-01E1-4ABA-E783-EEFED6171576}.Debug|Win32.ActiveCfg = Debug|Win32
		{922F2D8C-01E1-4ABA-E783-EEFED6171576}.Debug|Win32.Build.0 = Debug|Win32
		{922F2D8C-01E1-4ABA-E783-EEFED6171576}.Release|x64.ActiveCfg = Release|x64
		{922F2D8C-01E1-4ABA-E783-EEFED6171576}.Release|x64.Build.0 = Release|x64
		{922F2D8C-01E1-4ABA-E783-EEFED6171576}.Release|Win32.ActiveCfg = Release|Win32
		{922F2D8C-01E1-4ABA-E783-EEFED6171576}.Release|Win32.Build.0 = Release|Win32
		{97492EDC-FD2D-A9C1-2198-416F3D45D5B0}.Debug|x64.ActiveCfg = Debug|x64
		{97492EDC-FD2D-A9C1-2198-416F3D45D5B0}.Debug|x64.Build.0 = Debug|x64
		{97492EDC-FD2D-A9C1-2198-416F3D45D5B0}.Debug|Win32.ActiveCfg = Debug|Win32
		{97492EDC-FD2D-A9C1-2198-416F3D45D5B0}.Debug|Win32.Build.0 = Debug|Win32
		{97492EDC-FD2D-A9C1-2198-416F3D45D5B0}.Release|x64.ActiveCfg = Release|x64
		{97492EDC-FD2D-A9C1-2198-416F3D45D5B0}.Release|x64.Build.0 = Release|x64
		{97492EDC-FD2D-A9C1-2198-416F3D45D5B0}.Release|Win32.ActiveCfg = Release|Win32
		{97492EDC-FD2D-A9C1-2198-416F3D45D5B0}.Release|Win32.Build.0 = Release|Win32
		{976B981F-AE44-B29E-9746-F5E36C9E7949}.Debug|x64.ActiveCfg = Debug|x64
		{976B981F-AE44-B29E-9746-F5E36C9E7949}.Debug|x64.Build.0 = Debug|x64
		{976B981F-AE44-B29E-9746-F5E36C9E7949}.Debug|Win32.ActiveCfg = Debug|Win32
		{976B981F-AE44-B29E-9746-F5E36C9E7949}.Debug|Win32.Build.0 = Debug|Win32
		{976B981F-AE44-B29E-9746-F5E36C9E7949}.Release|x64.ActiveCfg = Release|x64
		{976B981F-AE44-B29E-9746-F5E36C9E7949}.Release|x64.Build.0 = Release|x64
		{976B981F-AE44-B29E-9746-F5E36C9E7949}.Release|Win32.ActiveCfg = Release|Win32
		{976B981F-AE44-B29E-9746-F5E36C9E7949}.Release|Win32.Build.0 = Release|Win32
		{9AD728F5-9551-4891-535F-9B1B990B629F}.Debug|x64.ActiveCfg = Debug|x64
		{9AD728F5-9551-4891-535F-9B1B990B629F}.Debug|x64.Build.0 = Debug|x64
		{9AD728F5-9551-4891-535F-9B1B990B629F}.Debug|Win32.ActiveCfg = Debug|Win32
		{9AD728F5-9551-4891-535F-9B1B990B629F}.Debug|Win32.Build.0 = Debug|Win32
		{9AD728F5-9551-4891-535F-9B1B990B629F}.Release|x64.ActiveCfg = Release|x64
		{9AD728F5-9551-4891-535F-9B1B990B629F}.Release|x64.Build.0 = Release|x64
		{9AD728F5-9551-4891-535F-9B1B990B629F}.Release|Win32.ActiveCfg = Release|Win32
		{9AD728F5-9551-4891-535F-9B1B990B629F}.Release|Win32.Build.0 = Release|Win32
		{A74BA89B-CCC7-1AA4-8176-E8108AB9DC22}.Debug|x64.ActiveCfg = Debug|x64
		{A74BA89B-CCC7-1AA4-8176-E8108AB9DC22}.Debug|x64.Build.0 = Debug|x64
		{A74BA89B-CCC7-1AA4-8176-E8108AB9DC22}.Debug|Win32.ActiveCfg = Debug|Win32
		{A74BA89B-CCC7-1AA4-8176-E8108AB9DC22}.Debug|Win32.Build.0 = Debug|Win32
		{A74BA89B-CCC7-1AA4-8176-E8108AB9DC22}.Release|x64.ActiveCfg = Release|x64
		{A74BA89B-CCC7-1AA4-8176-E8108AB9DC22}.Release|x64.Build.0 = Release|x64
		{A74BA89B-CCC7-1AA4-8176-E8108AB9DC22}.Release|Win32.ActiveCfg = Release|Win32
		{A74BA89B-CCC7-1AA4-8176-E8108AB9DC22}.Release|Win32.Build.0 = Release|Win32
		{A7585088-BC76-955E-0011-E05324C2E975}.Debug|x64.ActiveCfg = Debug|x64
		{A7585088-BC76-955E-0011-E05324C2E975}.Debug|x64.Build.0 = Debug|x64
		{A7585088-BC76-955E-0011-E05324C2E975}.Debug|Win32.ActiveCfg = Debug|Win32
		{A7585088-BC76-955E-0011-E05324C2E975}.Debug|Win32.Build.0 = Debug|Win32
		{A7585088-BC76-955E-0011-E05324C2E975}.Release|x64.ActiveCfg = Release|x64
		{A7585088-BC76-955E-0011-E05324C2E975}.Release|x64.Build.0 = Release|x64
		{A7585088-BC76-955E-0011-E05324C2E975}.Release|Win32.ActiveCfg = Release|Win32
		{A7585088-BC76-955E-0011-E05324C2E975}.Release|Win32.Build.0 = Release|Win32
		{AE1F588E-DA6C-89B2-E006-F35F4A64C000}.Debug|x64.ActiveCfg = Debug|x64
		{AE1F588E-DA6C-89B2-E006-F35F4A64C000}.Debug|x64.Build.0 = Debug|x64
		{AE1F588E-DA6C-89B2-E006-F35F4A64C000}.Debug|Win32.ActiveCfg = Debug|Win32
		{AE1F588E-DA6C-89B2-E006-F35F4A64C000}.Debug|Win32.Build.0 = Debug|Win32
		{AE1F588E-DA6C-89B2-E006-F35F4A64C000}.Release|x64.ActiveCfg = Release|x64
		{AE1F588E-DA6C-89B2-E006-F35F4A64C000}.Release|x64.Build.0 = Release|x64
		{AE1F588E-DA6C-89B2-E006-F35F4A64C000}.Release|Win32.ActiveCfg = Release|Win32
		{AE1F588E-DA6C-89B2-E006-F35F4A64C000}.Release|Win32.Build.0 = Release|Win32
		{BB9E49C1-5B86-F360-3E84-F94327757022}.Debug|x64.ActiveCfg = Debug|x64
		{BB9E49C1-5B86-F360-3E84-F94327757022}.Debug|x64.Build.0 = Debug|x64
		{BB9E49C1-5B86-F360-3E84-F94327757022}.Debug|Win32.ActiveCfg = Debug|Win32
		{BB9E49C1-5B86-F360-3E84-F94327757022}.Debug|Win32.Build.0 = Debug|Win32
		{BB9E49C1-5B86-F360-3E84-F94327757022}.Release|x64.ActiveCfg = Release|x64
		{BB9E49C1-5B86-F360-3E84-F94327757022}.Release|x64.Build.0 = Release|x64
		{BB9E49C1-5B86-F360-3E84-F94327757022}.Release|Win32.ActiveCfg = Release|Win32
		{BB9E49C1-5B86-F360-3E84-F94327757022}.Release|Win32.Build.0 = Release|Win32
		{C28F1C33-52DA-4771-B3A9-0C73DE4DA583}.Debug|x64.ActiveCfg = Debug|x64
		{C28F1C33-52DA-4771-B3A9-0C73DE4DA583}.Debug|x64.Build.0 = Debug|x64
		{C28F1C33-52DA-4771-B3A9-0C73DE4DA583}.Debug|Win32.ActiveCfg = Debug|Win32
		{C28F1C33-52DA-4771-B3A9-0C73DE4DA583}.Debug|Win32.Build.0 = Debug|Win32
		{C28F1C33-52DA-4771-B3A9-0C73DE4DA583}.Release|x64.ActiveCfg = Release|x64
		{C28F1C33-52DA-4771-B3A9-0C73DE4DA583}.Release|x64.Build.0 = Release|x64
		{C28F1C33-52DA-4771-B3A9-0C73DE4DA583}.Release|Win32.ActiveCfg = Release|Win32
		{C28F1C33-52DA-4771-B3A9-0C73DE4DA583}.Release|Win32.Build.0 = Release|Win32
		{C33DDA9A-67D8-CBD4-8D28-497386B9365B}.Debug|x64.ActiveCfg = Debug|x64
		{C33DDA9A-67D8-CBD4-8D28-497386B9365B}.Debug|x64.Build.0 = Debug|x64
		{C33DDA9A-67D8-CBD4-8D28-497386B9365B}.Debug|Win32.ActiveCfg = Debug|Win32
		{C33DDA9A-67D8-CBD4-8D28-497386B9365B}.Debug|Win32.Build.0 = Debug|Win32
		{C33DDA9A-67D8-CBD4-8D28-497386B9365B}.Release|x64.ActiveCfg = Release|x64
		{C33DDA9A-67D8-CBD4-8D28-497386B9365B}.Release|x64.Build.0 = Release|x64
		{C33DDA9A-67D8-CBD4-8D28-497386B9365B}.Release|Win32.ActiveCfg = Release|Win32
		{C33DDA9A-67D8-CBD4-8D28-497386B9365B}.Release|Win32.Build.0 = Release|Win32
		{CCCF83FF-A7A1-1E95-1A34-BC87CD057679}.Debug|x64.ActiveCfg = Debug|x64
		{CCCF83FF-A7A1-1E95-1A34-BC87CD057679}.Debug|x64.Build.0 = Debug|x64
		{CCCF83FF-A7A1-1E95-1A34-BC87CD057679}.Debug|Win32.ActiveCfg = Debug|Win32
		{CCCF83FF-A7A1-1E95-1A34-BC87CD057679}.Debug|Win32.Build.0 = Debug|Win32
		{CCCF83FF-A7A1-1E95-1A34-BC87CD057679}.Release|x64.ActiveCfg = Release|x64
		{CCCF83FF-A7A1-1E95-1A34-BC87CD057679}.Release|x64.Build.0 = Release|x64
		{CCCF83FF-A7A1-1E95-1A34-BC87CD057679}.Release|Win32.ActiveCfg = Release|Win32
		{CCCF83FF-A7A1-1E95-1A34-BC87CD057679}.Release|Win32.Build.0 = Release|Win32
		{CD5C51AE-CE63-7E62-0B26-32E6437A09CA}.Debug|x64.ActiveCfg = Debug|x64
		{CD5C51AE-CE63-7E62-0B26-32E6437A09CA}.Debug|x64.Build.0 = Debug|x64
		{CD5C51AE-CE63-7E62-0B26-32E6437A09CA}.Debug|Win32.ActiveCfg = Debug|Win32
		{CD5C51AE-CE63-7E62-0B26-32E6437A09CA}.Debug|Win32.Build.0 = Debug|Win32
		{CD5C51AE-CE63-7E62-0B26-32E6437A09CA}.Release|x64.ActiveCfg = Release|x64
		{CD5C51AE-CE63-7E62-0B26-32E6437A09CA}.Release|x64.Build.0 = Release|x64
		{CD5C51AE-CE63-7E62-0B26-32E6437A09CA}.Release|Win32.ActiveCfg = Release|Win32
		{CD5C51AE-CE63-7E62-0B26-32E6437A09CA}.Release|Win32.Build.0 = Release|Win32
		{CF2A6969-35DD-598C-D7A8-3CDD278E16D2}.Debug|x64.ActiveCfg = Debug|x64
		{CF2A6969-35DD-598C-D7A8-3CDD278E16D2}.Debug|x64.Build.0 = Debug|x64
		{CF2A6969-35DD-598C-D7A8-3CDD278E16D2}.Debug|Win32.ActiveCfg = Debug|Win32
		{CF2A6969-35DD-598C-D7A8-3CDD278E16D2}.Debug|Win32.Build.0 = Debug|Win32
		{CF2A6969-35DD-598C-D7A8-3CDD278E16D2}.Release|x64.ActiveCfg = Release|x64
		{CF2A6969-35DD-598C-D7A8-3CDD278E16D2}.Release|x64.Build.0 = Release|x64
		{CF2A6969-35DD-598C-D7A8-3CDD278E16D2}.Release|Win32.ActiveCfg = Release|Win32
		{CF2A6969-35DD-598C-D7A8-3CDD278E16D2}.Release|Win32.Build.0 = Release|Win32
		{D0ACA180-2715-CB58-A142-AAE04DC045B2}.Debug|x64.ActiveCfg = Debug|x64
		{D0ACA180-2715-CB58-A142-AAE04DC045B2}.Debug|x64.Build.0 = Debug|x64
		{D0ACA180-2715-CB58-A142-AAE04DC045B2}.Debug|Win32.ActiveCfg = Debug|Win32
		{D0ACA180-2715-CB58-A142-AAE04DC045B2}.Debug|Win32.Build.0 = Debug|Win32
		{D0ACA180-2715-CB58-A142-AAE04DC045B2}.Release|x64.ActiveCfg = Release|x64
		{D0ACA180-2715-CB58-A142-AAE04DC045B2}.Release|x64.Build.0 = Release|x64
		{D0ACA180-2715-CB58-A142-AAE04DC045B2}.Release|Win32.ActiveCfg = Release|Win32
		{D0ACA180-2715-CB58-A142-AAE04DC045B2}.Release|Win32.Build.0 = Release|Win32
		{D0EB2C27-9973-AF7A-7623-294024A14555}.Debug|x64.ActiveCfg = Debug|x64
		{D0EB2C27-9973-AF7A-7623-294024A14555}.Debug|x64.Build.0 = Debug|x64
		{D0EB2C27-9973-AF7A-7623-294024A14555}.Debug|Win32.ActiveCfg = Debug|Win32
		{D0EB2C27-9973-AF7A-7623-294024A14555}.Debug|Win32.Build.0 = Debug|Win32
		{D0EB2C27-9973-AF7A-7623-294024A14555}.Release|x64.ActiveCfg = Release|x64
		{D0EB2C27-9973-AF7A-7623-294024A14555}.Release|x64.Build.0 = Release|x64
		{D0EB2C27-9973-AF7A-7623-294024A14555}.Release|Win32.ActiveCfg = Release|Win32
		{D0EB2C27-9973-AF7A-7623-294024A14555}.Release|Win32.Build.0 = Release|Win32
		{D2D2994C-A0AB-7D5B-72AC-54B790157563}.Debug|x64.ActiveCfg = Debug|x64
		{D2D2994C-A0AB-7D5B-72AC-54B790157563}.Debug|x64.Build.0 = Debug|x64
		{D2D2994C-A0AB-7D5B-72AC-54B790157563}.Debug|Win32.ActiveCfg = Debug|Win32
		{D2D2994C-A0AB-7D5B-72AC-54B790157563}.Debug|Win32.Build.0 = Debug|Win32
		{D2D2994C-A0AB-7D5B-72AC-54B790157563}.Release|x64.ActiveCfg = Release|x64
		{D2D2994C-A0AB-7D5B-72AC-54B790157563}.Release|x64.Build.0 = Release|x64
		{D2D2994C-A0AB-7D5B-72AC-54B790157563}.Release|Win32.ActiveCfg = Release|Win32
		{D2D2994C-A0AB-7D5B-72AC-54B790157563}.Release|Win32.Build.0 = Release|Win32
		{D38C3587-80B9-9568-2A87-A3488D50CDD4}.Debug|x64.ActiveCfg = Debug|x64
		{D38C3587-80B9-9568-2A87-A3488D50CDD4}.Debug|x64.Build.0 = Debug|x64
		{D38C3587-80B9-9568-2A87-A3488D50CDD4}.Debug|Win32.ActiveCfg = Debug|Win32
		{D38C3587-80B9-9568-2A87-A3488D50CDD4}.Debug|Win32.Build.0 = Debug|Win32
		{D38C3587-80B9-9568-2A87-A3488D50CDD4}.Release|x64.ActiveCfg = Release|x64
		{D38C3587-80B9-9568-2A87-A3488D50CDD4}.Release|x64.Build.0 = Release|x64
		{D38C3587-80B9-9568-2A87-A3488D50CDD4}.Release|Win32.ActiveCfg = Release|Win32
		{D38C3587-80B9-9568-2A87-A3488D50CDD4}.Release|Win32.Build.0 = Release|Win32
		{D597C795-8992-D6AB-E48E-C1C35542DF19}.Debug|x64.ActiveCfg = Debug|x64
		{D597C795-8992-D6AB-E48E-C1C35542DF19}.Debug|x64.Build.0 = Debug|x64
		{D597C795-8992-D6AB-E48E-C1C35542DF19}.Debug|Win32.ActiveCfg = Debug|Win32
		{D597C795-8992-D6AB-E48E-C1C35542DF19}.Debug|Win32.Build.0 = Debug|Win32
		{D597C795-8992-D6AB-E48E-C1C35542DF19}.Release|x64.ActiveCfg = Release|x64
		{D597C795-8992-D6AB-E48E-C1C35542DF19}.Release|x64.Build.0 = Release|x64
		{D597C795-8992-D6AB-E48E-C1C35542DF19}.Release|Win32.ActiveCfg = Release|Win32
		{D597C795-8992-D6AB-E48E-C1C35542DF19}.Release|Win32.Build.0 = Release|Win32
		{D628DD7F-8C37-D98D-1430-850554ED127D}.Debug|x64.ActiveCfg = Debug|x64
		{D628DD7F-8C37-D98D-1430-850554ED127D}.Debug|x64.Build.0 = Debug|x64
		{D628DD7F-8C37-D98D-1430-850554ED127D}.Debug|Win32.ActiveCfg = Debug|Win32
		{D628DD7F-8C37-D98D-1430-850554ED127D}.Debug|Win32.Build.0 = Debug|Win32
		{D628DD7F-8C37-D98D-1430-850554ED127D}.Release|x64.ActiveCfg = Release|x64
		{D628DD7F-8C37-D98D-1430-850554ED127D}.Release|x64.Build.0 = Release|x64
		{D628DD7F-8C37-D98D-1430-850554ED127D}.Release|Win32.ActiveCfg = Release|Win32
		{D628DD7F-8C37-D98D-1430-850554ED127D}.Release|Win32.Build.0 = Release|Win32
		{D699F9FF-BE3E-73DB-133E-B0B52C802C20}.Debug|x64.ActiveCfg = Debug|x64
		{D699F9FF-BE3E-73DB-133E-B0B52C802C20}.Debug|x64.Build.0 = Debug|x64
		{D699F9FF-BE3E-73DB-133E-B0B52C802C20}.Debug|Win32.ActiveCfg = Debug|Win32
		{D699F9FF-BE3E-73DB-133E-B0B52C802C20}.Debug|Win32.Build.0 = Debug|Win32
		{D699F9FF-BE3E-73DB-133E-B0B52C802C20}.Release|x64.ActiveCfg = Release|x64
		{D699F9FF-BE3E-73DB-133E-B0B52C802C20}.Release|x64.Build.0 = Release|x64
		{D699F9FF-BE3E-73DB-133E-B0B52C802C20}.Release|Win32.ActiveCfg = Release|Win32
		{D699F9FF-BE3E-73DB-133E-B0B52C802C20}.Release|Win32.Build.0 = Release|Win32
		{E4BEB479-84F4-7BC4-19FD-7EEC72F6FDB4}.Debug|x64.ActiveCfg = Debug|x64
		{E4BEB479-84F4-7BC4-19FD-7EEC72F6FDB4}.Debug|x64.Build.0 = Debug|x64
		{E4BEB479-84F4-7BC4-19FD-7EEC72F6FDB4}.Debug|Win32.ActiveCfg = Debug|Win32
		{E4BEB479-84F4-7BC4-19FD-7EEC72F6FDB4}.Debug|Win32.Build.0 = Debug|Win32
		{E4BEB479-84F4-7BC4-19FD-7EEC72F6FDB4}.Release|x64.ActiveCfg = Release|x64
		{E4BEB479-84F4-7BC4-19FD-7EEC72F6FDB4}.Release|x64.Build.0 = Release|x64
		{E4BEB479-84F4-7BC4-19FD-7EEC72F6FDB4}.Release|Win32.ActiveCfg = Release|Win32
		{E4BEB479-84F4-7BC4-19FD-7EEC72F6FDB4}.Release|Win32.Build.0 = Release|Win32
		{EA9CD4CB-CB06-6E9B-EAF0-F21E18F21FBE}.Debug|x64.ActiveCfg = Debug|x64
		{EA9CD4CB-CB06-6E9B-EAF0-F21E18F21FBE}.Debug|x64.Build.0 = Debug|x64
		{EA9CD4CB-CB06-6E9B-EAF0-F21E18F21FBE}.Debug|Win32.ActiveCfg = Debug|Win32
		{EA9CD4CB-CB06-6E9B-EAF0-F21E18F21FBE}.Debug|Win32.Build.0 = Debug|Win32
		{EA9CD4CB-CB06-6E9B-EAF0-F21E18F21FBE}.Release|x64.ActiveCfg = Release|x64
		{EA9CD4CB-CB06-6E9B-EAF0-F21E18F21FBE}.Release|x64.Build.0 = Release|x64
		{EA9CD4CB-CB06-6E9B-EAF0-F21E18F21FBE}.Release|Win32.ActiveCfg = Release|Win32
		{EA9CD4CB-CB06-6E9B-EAF0-F21E18F21FBE}.Release|Win32.Build.0 = Release|Win32
		{EC1019CC-F666-2D3D-8DF7-F775CD404BB4}.Debug|x64.ActiveCfg = Debug|x64
		{EC1019CC-F666-2D3D-8DF7-F775CD404BB4}.Debug|x64.Build.0 = Debug|x64
		{EC1019CC-F666-2D3D-8DF7-F775CD404BB4}.Debug|Win32.ActiveCfg = Debug|Win32
		{EC1019CC-F666-2D3D-8DF7-F775CD404BB4}.Debug|Win32.Build.0 = Debug|Win32
		{EC1019CC-F666-2D3D-8DF7-F775CD404BB4}.Release|x64.ActiveCfg = Release|x64
		{EC1019CC-F666-2D3D-8DF7-F775CD404BB4}.Release|x64.Build.0 = Release|x64
		{EC1019CC-F666-2D3D-8DF7-F775CD404BB4}.Release|Win32.ActiveCfg = Release|Win32
		{EC1019CC-F666-2D3D-8DF7-F775CD404BB4}.Release|Win32.Build.0 = Release|Win32
		{EE818E4A-B885-4FAE-F7AF-752171574A54}.Debug|x64.ActiveCfg = Debug|x64
		{EE818E4A-B885-4FAE-F7AF-752171574A54}.Debug|x64.Build.0 = Debug|x64
		{EE818E4A-B885-4FAE-F7AF-752171574A54}.Debug|Win32.ActiveCfg = Debug|Win32
		{EE818E4A-B885-4FAE-F7AF-752171574A54}.Debug|Win32.Build.0 = Debug|Win32
		{EE818E4A-B885-4FAE-F7AF-752171574A54}.Release|x64.ActiveCfg = Release|x64
		{EE818E4A-B885-4FAE-F7AF-752171574A54}.Release|x64.Build.0 = Release|x64
		{EE818E4A-B885-4FAE-F7AF-752171574A54}.Release|Win32.ActiveCfg = Release|Win32
		{EE818E4A-B885-4FAE-F7AF-752171574A54}.Release|Win32.Build.0 = Release|Win32
		{F0594739-0C9E-28B6-FC5F-F5984F31BED4}.Debug|x64.ActiveCfg = Debug|x64
		{F0594739-0C9E-28B6-FC5F-F5984F31BED4}.Debug|x64.Build.0 = Debug|x64
		{F0594739-0C9E-28B6-FC5F-F5984F31BED4}.Debug|Win32.ActiveCfg = Debug|Win32
		{F0594739-0C9E-28B6-FC5F-F5984F31BED4}.Debug|Win32.Build.0 = Debug|Win32
		{F0594739-0C9E-28B6-FC5F-F5984F31BED4}.Release|x64.ActiveCfg = Release|x64
		{F0594739-0C9E-28B6-FC5F-F5984F31BED4}.Release|x64.Build.0 = Release|x64
		{F0594739-0C9E-28B6-FC5F-F5984F31BED4}.Release|Win32.ActiveCfg = Release|Win32
		{F0594739-0C9E-28B6-FC5F-F5984F31BED4}.Release|Win32.Build.0 = Release|Win32
		{F131A672-597F-F0FB-456C-71CE42F50E53}.Debug|x64.ActiveCfg = Debug|x64
		{F131A672-597F-F0FB-456C-71CE42F50E53}.Debug|x64.Build.0 = Debug|x64
		{F131A672-597F-F0FB-456C-71CE42F50E53}.Debug|Win32.ActiveCfg = Debug|Win32
		{F131A672-597F-F0FB-456C-71CE42F50E53}.Debug|Win32.Build.0 = Debug|Win32
		{F131A672-597F-F0FB-456C-71CE42F50E53}.Release|x64.ActiveCfg = Release|x64
		{F131A672-597F-F0FB-456C-71CE42F50E53}.Release|x64.Build.0 = Release|x64
		{F131A672-597F-F0FB-456C-71CE42F50E53}.Release|Win32.ActiveCfg = Release|Win32
		{F131A672-597F-F0FB-456C-71CE42F50E53}.Release|Win32.Build.0 = Release|Win32
		{F43D58C4-1651-ECE7-D12F-AE03282E8B4A}.Debug|x64.ActiveCfg = Debug|x64
		{F43D58C4-1651-ECE7-D12F-AE03282E8B4A}.Debug|x64.Build.0 = Debug|x64
		{F43D58C4-1651-ECE7-D12F-AE03282E8B4A}.Debug|Win32.ActiveCfg = Debug|Win32
		{F43D58C4-1651-ECE7-D12F-AE03282E8B4A}.Debug|Win32.Build.0 = Debug|Win32
		{F43D58C4-1651-ECE7-D12F-AE03282E8B4A}.Release|x64.ActiveCfg = Release|x64
		{F43D58C4-1651-ECE7-D12F-AE03282E8B4A}.Release|x64.Build.0 = Release|x64
		{F43D58C4-1651-ECE7-D12F-AE03282E8B4A}.Release|Win32.ActiveCfg = Release|Win32
		{F43D58C4-1651-ECE7-D12F-AE03282E8B4A}.Release|Win32.Build.0 = Release|Win32
		{F5B361F4-8D28-C154-1C64-E81CE8AFED40}.Debug|x64.ActiveCfg = Debug|x64
		{F5B361F4-8D28-C154-1C64-E81CE8AFED40}.Debug|x64.Build.0 = Debug|x64
		{F5B361F4-8D28-C154-1C64-E81CE8AFED40}.Debug|Win32.ActiveCfg = Debug|Win32
		{F5B361F4-8D28-C154-1C64-E81CE8AFED40}.Debug|Win32.Build.0 = Debug|Win32
		{F5B361F4-8D28-C154-1C64-E81CE8AFED40}.Release|x64.ActiveCfg = Release|x64
		{F5B361F4-8D28-C154-1C64-E81CE8AFED40}.Release|x64.Build.0 = Release|x64
		{F5B361F4-8D28-C154-1C64-E81CE8AFED40}.Release|Win32.ActiveCfg = Release|Win32
		{F5B361F4-8D28-C154-1C64-E81CE8AFED40}.Release|Win32.Build.0 = Release|Win32
		{F87787F9-67A6-F9FE-9F69-2E14F5C2D6DF}.Debug|x64.ActiveCfg = Debug|x64
		{F87787F9-67A6-F9FE-9F69-2E14F5C2D6DF}.Debug|x64.Build.0 = Debug|x64
		{F87787F9-67A6-F9FE-9F69-2E14F5C2D6DF}.Debug|Win32.ActiveCfg = Debug|Win32
		{F87787F9-67A6-F9FE-9F69-2E14F5C2D6DF}.Debug|Win32.Build.0 = Debug|Win32
		{F87787F9-67A6-F9FE-9F69-2E14F5C2D6DF}.Release|x64.ActiveCfg = Release|x64
		{F87787F9-67A6-F9FE-9F69-2E14F5C2D6DF}.Release|x64.Build.0 = Release|x64
		{F87787F9-67A6-F9FE-9F69-2E14F5C2D6DF}.Release|Win32.ActiveCfg = Release|Win32
		{F87787F9-67A6-F9FE-9F69-2E14F5C2D6DF}.Release|Win32.Build.0 = Release|Win32
		{FB02B055-A9B7-BCAC-EF32-53D6DA0A3080}.Debug|x64.ActiveCfg = Debug|x64
		{FB02B055-A9B7-BCAC-EF32-53D6DA0A3080}.Debug|x64.Build.0 = Debug|x64
		{FB02B055-A9B7-BCAC-EF32-53D6DA0A3080}.Debug|Win32.ActiveCfg = Debug|Win32
		{FB02B055-A9B7-BCAC-EF32-53D6DA0A3080}.Debug|Win32.Build.0 = Debug|Win32
		{FB02B055-A9B7-BCAC-EF32-53D6DA0A3080}.Release|x64.ActiveCfg = Release|x64
		{FB02B055-A9B7-BCAC-EF32-53D6DA0A3080}.Release|x64.Build.0 = Release|x64
		{FB02B055-A9B7-BCAC-EF32-53D6DA0A3080}.Release|Win32.ActiveCfg = Release|Win32
		{FB02B055-A9B7-BCAC-EF32-53D6DA0A3080}.Release|Win32.Build.0 = Release|Win32
		{FF854BD0-C7C0-D997-83C0-A5A1BEFCB6A4}.Debug|x64.ActiveCfg = Debug|x64
		{FF854BD0-C7C0-D997-83C0-A5A1BEFCB6A4}.Debug|x64.Build.0 = Debug|x64
		{FF854BD0-C7C0-D997-83C0-A5A1BEFCB6A4}.Debug|Win32.ActiveCfg = Debug|Win32
		{FF854BD0-C7C0-D997-83C0-A5A1BEFCB6A4}.Debug|Win32.Build.0 = Debug|Win32
		{FF854BD0-C7C0-D997-83C0-A5A1BEFCB6A4}.Release|x64.ActiveCfg = Release|x64
		{FF854BD0-C7C0-D997-83C0-A5A1BEFCB6A4}.Release|x64.Build.0 = Release|x64
		{FF854BD0-C7C0-D997-83C0-A5A1BEFCB6A4}.Release|Win32.ActiveCfg = Release|Win32
		{FF854BD0-C7C0-D997-83C0-A5A1BEFCB6A4}.Release|Win32.Build.0 = Release|Win32
	EndGlobalSection
	GlobalSection(SolutionProperties) = preSolution
		HideSolutionNode = FALSE
	EndGlobalSection
	GlobalSection(NestedProjects) = preSolution
		{EA9CD4CB-CB06-6E9B-EAF0-F21E18F21FBE} = {38C082F6-401D-7755-BA82-67402353377E}
		{67040587-E204-D369-BFCC-32A899264541} = {38C082F6-401D-7755-BA82-67402353377E}
		{88D2425F-C58C-81A5-F38A-1AF2E191313A} = {D915D055-A6DE-2CD8-D553-5C774B77D847}
		{78ABA4AC-B4C8-DD5E-4379-6CBC46ECA48A} = {D915D055-A6DE-2CD8-D553-5C774B77D847}
		{6165423C-9DDF-FAA1-296C-DC50185DECAD} = {065F26B1-7788-B2F1-BDB7-1F76A5ADF1EB}
		{7C6E4454-1D39-9A54-62A4-D1E9376D1C70} = {065F26B1-7788-B2F1-BDB7-1F76A5ADF1EB}
		{86B657E8-B090-2517-FA5C-78F8E4992C1D} = {D1864A6B-A73C-BBD5-52D6-C053426F39E3}
		{09516CA0-445F-49A7-CDAE-A207BC2A5A12} = {9C1BB555-4960-D7EE-09C5-D3FF76049A06}
		{D80DC93F-5816-0ABE-C571-8B9D47575D06} = {9C1BB555-4960-D7EE-09C5-D3FF76049A06}
		{E4BEB479-84F4-7BC4-19FD-7EEC72F6FDB4} = {FE2AC63F-1D0D-1039-F7FC-6E297F8F3976}
		{46C7CED4-8781-DB20-D39F-98931475661A} = {F4A2FF27-9170-80E3-648B-2D9453739741}
		{020F7230-E410-0B14-B7D7-115F44B5C3DC} = {F4A2FF27-9170-80E3-648B-2D9453739741}
		{841BB6C4-EB81-A766-962B-95690E00DB2C} = {F4A2FF27-9170-80E3-648B-2D9453739741}
		{386063D3-B15D-BF5C-5B40-D18F76C2F0C2} = {F4A2FF27-9170-80E3-648B-2D9453739741}
		{A74BA89B-CCC7-1AA4-8176-E8108AB9DC22} = {F4A2FF27-9170-80E3-648B-2D9453739741}
		{484504A6-F380-863A-7F1D-C3C7D492F447} = {F4A2FF27-9170-80E3-648B-2D9453739741}
		{F2436898-B7BB-9717-6783-FFC92B4E3BAD} = {14EDF597-6ED8-B0B1-B53B-0BE2E44B91C1}
		{26DDFF1A-15B0-D9DE-8212-528BF93B3261} = {14EDF597-6ED8-B0B1-B53B-0BE2E44B91C1}
		{CCCF83FF-A7A1-1E95-1A34-BC87CD057679} = {14EDF597-6ED8-B0B1-B53B-0BE2E44B91C1}
		{777735DA-DC4F-2EA7-98DE-701D0246EA6C} = {14EDF597-6ED8-B0B1-B53B-0BE2E44B91C1}
		{765C5D67-8E70-F387-FEC3-9A35DFC6FF17} = {14EDF597-6ED8-B0B1-B53B-0BE2E44B91C1}
		{0A39BDB7-545E-5209-DF8C-46E5995F9092} = {14EDF597-6ED8-B0B1-B53B-0BE2E44B91C1}
		{02D23283-ECB6-D49B-70DB-AD6FCBC32454} = {14EDF597-6ED8-B0B1-B53B-0BE2E44B91C1}
		{D699F9FF-BE3E-73DB-133E-B0B52C802C20} = {14EDF597-6ED8-B0B1-B53B-0BE2E44B91C1}
		{59A18874-6258-FD91-09E1-3EEF30759559} = {14EDF597-6ED8-B0B1-B53B-0BE2E44B91C1}
		{6C9A34EF-54B5-4EEA-9FB6-B9D0FEDE3829} = {14EDF597-6ED8-B0B1-B53B-0BE2E44B91C1}
		{43CF7F6D-B3D3-E996-8065-F4117DB09574} = {14EDF597-6ED8-B0B1-B53B-0BE2E44B91C1}
		{79EC4CE2-2B5C-3F97-39A3-2450722A281F} = {14EDF597-6ED8-B0B1-B53B-0BE2E44B91C1}
		{922F2D8C-01E1-4ABA-E783-EEFED6171576} = {14EDF597-6ED8-B0B1-B53B-0BE2E44B91C1}
		{D38C3587-80B9-9568-2A87-A3488D50CDD4} = {14EDF597-6ED8-B0B1-B53B-0BE2E44B91C1}
		{1D46B6A8-FFB9-7F1B-C57C-6BE37528C8E8} = {14EDF597-6ED8-B0B1-B53B-0BE2E44B91C1}
		{78115010-3728-93E9-1491-28864AA79518} = {14EDF597-6ED8-B0B1-B53B-0BE2E44B91C1}
		{CD5C51AE-CE63-7E62-0B26-32E6437A09CA} = {14EDF597-6ED8-B0B1-B53B-0BE2E44B91C1}
		{FB02B055-A9B7-BCAC-EF32-53D6DA0A3080} = {14EDF597-6ED8-B0B1-B53B-0BE2E44B91C1}
		{2A203A43-4A32-7E58-17F2-6B87629CC185} = {14EDF597-6ED8-B0B1-B53B-0BE2E44B91C1}
		{2D964A1E-A639-9AA9-4AE3-1F78C6682E6F} = {14EDF597-6ED8-B0B1-B53B-0BE2E44B91C1}
		{25EF9FF6-9FB4-A1C3-F735-288E05C5C722} = {14EDF597-6ED8-B0B1-B53B-0BE2E44B91C1}
		{F131A672-597F-F0FB-456C-71CE42F50E53} = {14EDF597-6ED8-B0B1-B53B-0BE2E44B91C1}
		{AE1F588E-DA6C-89B2-E006-F35F4A64C000} = {14EDF597-6ED8-B0B1-B53B-0BE2E44B91C1}
		{10D342CF-2223-872B-5692-FE19662BC7EB} = {14EDF597-6ED8-B0B1-B53B-0BE2E44B91C1}
		{2EB7B6CC-7DBB-7C55-8F9C-B733CA074E3E} = {14EDF597-6ED8-B0B1-B53B-0BE2E44B91C1}
		{3BF98547-8BEE-FABD-30E0-ABCDC6B6DAD0} = {14EDF597-6ED8-B0B1-B53B-0BE2E44B91C1}
		{26FFA054-A869-AF60-AB21-349229321EBA} = {14EDF597-6ED8-B0B1-B53B-0BE2E44B91C1}
		{0E551E6F-C2ED-411F-7DB0-E56BF03AF232} = {14EDF597-6ED8-B0B1-B53B-0BE2E44B91C1}
		{7761613A-FB1D-6733-49E1-B5F11919EF6D} = {14EDF597-6ED8-B0B1-B53B-0BE2E44B91C1}
		{5F0A554C-4813-3B22-1A8B-929323E27749} = {14EDF597-6ED8-B0B1-B53B-0BE2E44B91C1}
		{8BD620DC-C759-323D-1896-0E37A9B35E3E} = {14EDF597-6ED8-B0B1-B53B-0BE2E44B91C1}
		{427D9B6B-0FAA-9370-D688-E5745E782CC7} = {14EDF597-6ED8-B0B1-B53B-0BE2E44B91C1}
		{EE818E4A-B885-4FAE-F7AF-752171574A54} = {14EDF597-6ED8-B0B1-B53B-0BE2E44B91C1}
		{D1864A6B-A73C-BBD5-52D6-C053426F39E3} = {C76961A6-81D8-1E5A-4387-B90660FAA0E6}
		{731C67AE-395F-3F1A-5035-D2DC0A229057} = {E702FC59-4D32-DF2F-8880-7A4633660D28}
		{0EA44051-22B6-0410-E9C9-A0F58FC10475} = {C7400514-31D7-6555-F198-7E123F43DFE6}
		{35213468-3A75-CC70-6074-92B0C3E0C574} = {C7400514-31D7-6555-F198-7E123F43DFE6}
		{8D52DFFA-93A9-E356-6FA7-51F346831ABD} = {C7400514-31D7-6555-F198-7E123F43DFE6}
		{541DB9F4-49F2-CE8A-42D1-CCC0ACBCAB04} = {1453D74C-41D7-80E1-FB54-ADB4F336D1DB}
		{582DD1F6-343C-51C2-24E9-661E71FDFD6D} = {6F9182B5-0262-1483-B415-376E66D1A4EC}
		{ACC0585E-97B8-85CD-512A-6A043DCC221D} = {6F9182B5-0262-1483-B415-376E66D1A4EC}
		{2BC44F53-82D9-E490-3764-7B4AB4629C71} = {6F9182B5-0262-1483-B415-376E66D1A4EC}
		{83EFD46A-F356-6194-02C9-974819830FC1} = {D8A57495-5B25-EB0C-20A2-6ADB29AAF8B1}
		{FF854BD0-C7C0-D997-83C0-A5A1BEFCB6A4} = {D8A57495-5B25-EB0C-20A2-6ADB29AAF8B1}
		{88BCCBF6-EAF6-B27B-534F-480175A9328D} = {D8A57495-5B25-EB0C-20A2-6ADB29AAF8B1}
		{F43D58C4-1651-ECE7-D12F-AE03282E8B4A} = {D8A57495-5B25-EB0C-20A2-6ADB29AAF8B1}
		{4C7C3055-2A8B-FB5F-E6AD-5A853EC3863C} = {582DD1F6-343C-51C2-24E9-661E71FDFD6D}
		{D0ACA180-2715-CB58-A142-AAE04DC045B2} = {582DD1F6-343C-51C2-24E9-661E71FDFD6D}
		{D2D2994C-A0AB-7D5B-72AC-54B790157563} = {582DD1F6-343C-51C2-24E9-661E71FDFD6D}
		{F87787F9-67A6-F9FE-9F69-2E14F5C2D6DF} = {582DD1F6-343C-51C2-24E9-661E71FDFD6D}
		{B74D4CB2-7FDF-D7DB-8FB5-ABE0D002155F} = {89C816A7-DD31-D54C-C69C-5A80E0C49B77}
		{FE2AC63F-1D0D-1039-F7FC-6E297F8F3976} = {ACC0585E-97B8-85CD-512A-6A043DCC221D}
		{F4A2FF27-9170-80E3-648B-2D9453739741} = {ACC0585E-97B8-85CD-512A-6A043DCC221D}
		{C76961A6-81D8-1E5A-4387-B90660FAA0E6} = {ACC0585E-97B8-85CD-512A-6A043DCC221D}
		{C7400514-31D7-6555-F198-7E123F43DFE6} = {ACC0585E-97B8-85CD-512A-6A043DCC221D}
		{77937A21-EB46-2BFE-9FC6-03EE2AAD757A} = {ACC0585E-97B8-85CD-512A-6A043DCC221D}
		{53560B7B-C329-3B14-84D4-06D77E79CBE0} = {ACC0585E-97B8-85CD-512A-6A043DCC221D}
		{5A732A50-38F7-4679-9F08-F58DC8CD54FA} = {ACC0585E-97B8-85CD-512A-6A043DCC221D}
		{3DAE9C21-2CD8-3E77-0C64-FA57E4598779} = {ACC0585E-97B8-85CD-512A-6A043DCC221D}
		{1A165588-26D8-D77B-90A4-54263C5DB8E4} = {ACC0585E-97B8-85CD-512A-6A043DCC221D}
		{F5B361F4-8D28-C154-1C64-E81CE8AFED40} = {ACC0585E-97B8-85CD-512A-6A043DCC221D}
		{714EC38B-FD84-94D4-773E-82E9B489B22C} = {ACC0585E-97B8-85CD-512A-6A043DCC221D}
		{74D78776-4BAE-3973-29D1-CBC5FD3C62AC} = {ACC0585E-97B8-85CD-512A-6A043DCC221D}
		{3F6070C4-94B3-340F-3CAA-7D6456EFEB30} = {ACC0585E-97B8-85CD-512A-6A043DCC221D}
		{F0594739-0C9E-28B6-FC5F-F5984F31BED4} = {77937A21-EB46-2BFE-9FC6-03EE2AAD757A}
		{EC1019CC-F666-2D3D-8DF7-F775CD404BB4} = {A09D749F-E571-D776-11B4-043F57B3DD73}
		{D915D055-A6DE-2CD8-D553-5C774B77D847} = {F2436898-B7BB-9717-6783-FFC92B4E3BAD}
		{A09D749F-E571-D776-11B4-043F57B3DD73} = {F2436898-B7BB-9717-6783-FFC92B4E3BAD}
		{BB9E49C1-5B86-F360-3E84-F94327757022} = {253BDA1D-AF3B-0802-021E-66CD9E8C8F66}
		{46DF8850-2AF8-748E-2B09-55F84589CD86} = {88D2425F-C58C-81A5-F38A-1AF2E191313A}
		{6A79D6C8-BB84-E5BE-D18E-7C77B5EFF7BD} = {78ABA4AC-B4C8-DD5E-4379-6CBC46ECA48A}
		{38C082F6-401D-7755-BA82-67402353377E} = {2BC44F53-82D9-E490-3764-7B4AB4629C71}
		{065F26B1-7788-B2F1-BDB7-1F76A5ADF1EB} = {2BC44F53-82D9-E490-3764-7B4AB4629C71}
		{9C1BB555-4960-D7EE-09C5-D3FF76049A06} = {2BC44F53-82D9-E490-3764-7B4AB4629C71}
		{14EDF597-6ED8-B0B1-B53B-0BE2E44B91C1} = {2BC44F53-82D9-E490-3764-7B4AB4629C71}
		{E702FC59-4D32-DF2F-8880-7A4633660D28} = {2BC44F53-82D9-E490-3764-7B4AB4629C71}
		{1453D74C-41D7-80E1-FB54-ADB4F336D1DB} = {2BC44F53-82D9-E490-3764-7B4AB4629C71}
		{D8A57495-5B25-EB0C-20A2-6ADB29AAF8B1} = {2BC44F53-82D9-E490-3764-7B4AB4629C71}
		{253BDA1D-AF3B-0802-021E-66CD9E8C8F66} = {2BC44F53-82D9-E490-3764-7B4AB4629C71}
		{D597C795-8992-D6AB-E48E-C1C35542DF19} = {2BC44F53-82D9-E490-3764-7B4AB4629C71}
		{D628DD7F-8C37-D98D-1430-850554ED127D} = {2BC44F53-82D9-E490-3764-7B4AB4629C71}
		{A7585088-BC76-955E-0011-E05324C2E975} = {2BC44F53-82D9-E490-3764-7B4AB4629C71}
		{976B981F-AE44-B29E-9746-F5E36C9E7949} = {2BC44F53-82D9-E490-3764-7B4AB4629C71}
		{D0EB2C27-9973-AF7A-7623-294024A14555} = {2BC44F53-82D9-E490-3764-7B4AB4629C71}
		{6F9182B5-0262-1483-B415-376E66D1A4EC} = {B74D4CB2-7FDF-D7DB-8FB5-ABE0D002155F}
		{C28F1C33-52DA-4771-B3A9-0C73DE4DA583} = {53560B7B-C329-3B14-84D4-06D77E79CBE0}
		{C33DDA9A-67D8-CBD4-8D28-497386B9365B} = {09516CA0-445F-49A7-CDAE-A207BC2A5A12}
		{4426C477-0D90-B572-97C3-18412F18915F} = {D80DC93F-5816-0ABE-C571-8B9D47575D06}
		{08D3AADE-F8CF-1940-0737-F60084220BE6} = {5A732A50-38F7-4679-9F08-F58DC8CD54FA}
		{9AD728F5-9551-4891-535F-9B1B990B629F} = {5A732A50-38F7-4679-9F08-F58DC8CD54FA}
		{8D566347-E38A-B90F-D50D-49A779775CC0} = {5A732A50-38F7-4679-9F08-F58DC8CD54FA}
		{6BACBE45-4C1A-6C1D-FC7D-40C73412ED00} = {5A732A50-38F7-4679-9F08-F58DC8CD54FA}
		{4ACE7211-5ABD-D38A-0DFA-DAF87152A892} = {5A732A50-38F7-4679-9F08-F58DC8CD54FA}
		{7684AB72-6ABA-7F19-76E4-47FCF495AC86} = {5A732A50-38F7-4679-9F08-F58DC8CD54FA}
		{CF2A6969-35DD-598C-D7A8-3CDD278E16D2} = {5A732A50-38F7-4679-9F08-F58DC8CD54FA}
		{49A5B1D3-C958-DDA9-D728-481769EBFF08} = {5A732A50-38F7-4679-9F08-F58DC8CD54FA}
		{97492EDC-FD2D-A9C1-2198-416F3D45D5B0} = {5A732A50-38F7-4679-9F08-F58DC8CD54FA}
		{1A0621F1-BB69-DA9A-47CF-DB29631E3BE6} = {5A732A50-38F7-4679-9F08-F58DC8CD54FA}
	EndGlobalSection
EndGlobal
